// !$*UTF8*$!
{
	archiveVersion = 1;
	classes = {
	};
	objectVersion = 50;
	objects = {

/* Begin PBXBuildFile section */
		1929002EFF70FF92B7660163 /* GetKanbanParameter.m in Sources */ = {isa = PBXBuildFile; fileRef = 1929060FB9F3FDE9AD4CC3C9 /* GetKanbanParameter.m */; };
		1929005CCD47AA5322468A11 /* KanbanServiceImpl.m in Sources */ = {isa = PBXBuildFile; fileRef = 192904009C17B4D22F0A9FB6 /* KanbanServiceImpl.m */; };
		192900BF5A31B913C85A1D3D /* NavigationsViewController.m in Sources */ = {isa = PBXBuildFile; fileRef = 1929072574C0F371E91C830D /* NavigationsViewController.m */; };
		192900DC83919B6037E07302 /* Dependences.m in Sources */ = {isa = PBXBuildFile; fileRef = 19290DFB8C17445C4BA325E2 /* Dependences.m */; };
		1929013B7441B938EE4F243D /* GetCollectionParameter.m in Sources */ = {isa = PBXBuildFile; fileRef = 1929043B44BF10AD04F6C773 /* GetCollectionParameter.m */; };
		1929013D4C82EF18E63718ED /* CollectionViewController.m in Sources */ = {isa = PBXBuildFile; fileRef = 19290BC38648B7B9F846FDE8 /* CollectionViewController.m */; };
		1929017635BADDB3867A9161 /* main.m in Sources */ = {isa = PBXBuildFile; fileRef = 1929035CEF4DF27DDD33BC74 /* main.m */; };
		1929026AB4A1B22BB629B65D /* BookmarkServiceImpl.m in Sources */ = {isa = PBXBuildFile; fileRef = 19290998172D3CA8F9D76384 /* BookmarkServiceImpl.m */; };
		19290293F4078F0F6384C4A8 /* UserServiceImpl.m in Sources */ = {isa = PBXBuildFile; fileRef = 19290FADBBF7CC43C3A8F2E1 /* UserServiceImpl.m */; };
		192902BCE6D2215152C09305 /* BookmarksViewController.m in Sources */ = {isa = PBXBuildFile; fileRef = 19290B9F49466727F39DA774 /* BookmarksViewController.m */; };
		192902EB674333D27A4F555E /* CollectionServiceImpl.m in Sources */ = {isa = PBXBuildFile; fileRef = 19290D2AD8B003C1D91CF283 /* CollectionServiceImpl.m */; };
		1929033B36342A4C1EE60776 /* BaseViewModel.m in Sources */ = {isa = PBXBuildFile; fileRef = 192906CB89D1E0C5CD9BA0C2 /* BaseViewModel.m */; };
		1929033EB6602BDB54A125FC /* CollectionsViewModel.m in Sources */ = {isa = PBXBuildFile; fileRef = 192908DF4349F4AA043765C6 /* CollectionsViewModel.m */; };
		1929034058AFE34760C430FD /* AppDelegate.m in Sources */ = {isa = PBXBuildFile; fileRef = 192900DDE0F5CCBFE3644E27 /* AppDelegate.m */; };
		192903A548AAE5F4686C80CE /* NavigationsViewModel.m in Sources */ = {isa = PBXBuildFile; fileRef = 1929012709CA9329FAE97A4F /* NavigationsViewModel.m */; };
		1929045E66345B0BBB1536FD /* FloKanban.m in Sources */ = {isa = PBXBuildFile; fileRef = 19290E37AFCF33A18430CBA9 /* FloKanban.m */; };
		192904D832E27321F5841F23 /* BaseViewController.m in Sources */ = {isa = PBXBuildFile; fileRef = 19290BA286E7C481ECD87B18 /* BaseViewController.m */; };
		19290594FFD14CF5E4CD6628 /* CollectionsViewController.m in Sources */ = {isa = PBXBuildFile; fileRef = 19290CCB009A4BEA3B8F183B /* CollectionsViewController.m */; };
		192905A8CF39431D1F5AB910 /* KanbanViewController.m in Sources */ = {isa = PBXBuildFile; fileRef = 19290E386EC3FA04E21655F2 /* KanbanViewController.m */; };
		192905FC91ACEA6F0DAA98DA /* AuthorizationApiImpl.m in Sources */ = {isa = PBXBuildFile; fileRef = 192906676042109A23B629A1 /* AuthorizationApiImpl.m */; };
		1929062F360E01D5B5B67888 /* ProjectItemViewModel.m in Sources */ = {isa = PBXBuildFile; fileRef = 1929030934EFACD68CE6A4C7 /* ProjectItemViewModel.m */; };
		19290680F56C357FCBA95086 /* BookmarksViewModel.m in Sources */ = {isa = PBXBuildFile; fileRef = 19290597F27DDF36C06FE24C /* BookmarksViewModel.m */; };
		19290685C3BBF9A21031D876 /* HomeViewController.m in Sources */ = {isa = PBXBuildFile; fileRef = 192906D2A36632976E27F7B0 /* HomeViewController.m */; };
		1929069AC172E74B6C5940D7 /* LaunchScreen.storyboard in Resources */ = {isa = PBXBuildFile; fileRef = 19290EB1C47F136DC62E39B6 /* LaunchScreen.storyboard */; };
		1929069E4E23EEA10CC02E38 /* NavigatorImpl.m in Sources */ = {isa = PBXBuildFile; fileRef = 192907B36904C3BBA2D7F11E /* NavigatorImpl.m */; };
		192906F40B8A4A2DDC101BBE /* main.m in Sources */ = {isa = PBXBuildFile; fileRef = 19290F4F21B7CCA2F961D569 /* main.m */; };
		19290755646258267AE3D56A /* MainViewController.m in Sources */ = {isa = PBXBuildFile; fileRef = 19290B85C3FC5CCE3FCACF19 /* MainViewController.m */; };
		192907594BEB8DA7C26E15DF /* FloBookmark.m in Sources */ = {isa = PBXBuildFile; fileRef = 19290A090A7C2A5D4F85FCF1 /* FloBookmark.m */; };
		1929076161602B6E5EE4EC90 /* LoginParameter.m in Sources */ = {isa = PBXBuildFile; fileRef = 192909191B5A628A14CCC6F8 /* LoginParameter.m */; };
		1929078D6CCDBDBD78A95543 /* BaseTableViewDataSource.m in Sources */ = {isa = PBXBuildFile; fileRef = 19290E7A64FE3636E8FF9669 /* BaseTableViewDataSource.m */; };
		192907B62F6C4714339B38A6 /* BaseTableViewCell.m in Sources */ = {isa = PBXBuildFile; fileRef = 1929097ECF7682ECCDF593E4 /* BaseTableViewCell.m */; };
		192907FD698F636AF8D3313B /* BookmarkApiImpl.m in Sources */ = {isa = PBXBuildFile; fileRef = 19290C1E5C94E8FBB3983B9F /* BookmarkApiImpl.m */; };
		192908606C140C4DD6591D77 /* FloCollection.m in Sources */ = {isa = PBXBuildFile; fileRef = 19290FCF6F736A2614A35CEF /* FloCollection.m */; };
		192908717A208E7A09E856AB /* AuthorizeViewController.m in Sources */ = {isa = PBXBuildFile; fileRef = 19290852D551E316C96F4FB9 /* AuthorizeViewController.m */; };
		192908AB2FD0513384E84E3A /* Assets.xcassets in Resources */ = {isa = PBXBuildFile; fileRef = 19290DE85287B5B67B39AD77 /* Assets.xcassets */; };
		192908B1E6C88579DB2D4EA7 /* AppDelegate.m in Sources */ = {isa = PBXBuildFile; fileRef = 1929043FCBB54463F393FE9A /* AppDelegate.m */; };
		192908CD5ED132C70D13FA2A /* KanbanViewCell.m in Sources */ = {isa = PBXBuildFile; fileRef = 192902B0853B9588EB8107C7 /* KanbanViewCell.m */; };
		192908EB61CCBDA7DC1E6B83 /* KanbanApiImpl.m in Sources */ = {isa = PBXBuildFile; fileRef = 19290E91EA37572D98DD98EA /* KanbanApiImpl.m */; };
		19290948A8BEC10175086B52 /* BootstrapViewModel.m in Sources */ = {isa = PBXBuildFile; fileRef = 19290B1EF4BA5DE614CB85D1 /* BootstrapViewModel.m */; };
		1929095E0CE437702A66FD03 /* CollectionItemViewModel.m in Sources */ = {isa = PBXBuildFile; fileRef = 1929046433717B36848067A3 /* CollectionItemViewModel.m */; };
		192909F5C592B4A28B2DD0CF /* Storyboards.m in Sources */ = {isa = PBXBuildFile; fileRef = 19290E3E79EC4CF567FDC2D0 /* Storyboards.m */; };
		19290B5E905E3D42B8A011AF /* GetBookmarksParameter.m in Sources */ = {isa = PBXBuildFile; fileRef = 1929066AB6AB321A898889E0 /* GetBookmarksParameter.m */; };
		19290B985A65E3DD8D3EBCA1 /* FloUser.m in Sources */ = {isa = PBXBuildFile; fileRef = 19290D59ED5BA6084956CC56 /* FloUser.m */; };
		19290B9E89EE54C81F41C927 /* CollectionApiImpl.m in Sources */ = {isa = PBXBuildFile; fileRef = 1929036EE4CD901191311020 /* CollectionApiImpl.m */; };
		19290C33A92A949D21FB9543 /* BookmarksViewCell.m in Sources */ = {isa = PBXBuildFile; fileRef = 1929072BDC56423EB893409F /* BookmarksViewCell.m */; };
		19290C35004BD303BE4D47DE /* CollectionsViewDataSource.m in Sources */ = {isa = PBXBuildFile; fileRef = 1929082E73535DFF1BC8D946 /* CollectionsViewDataSource.m */; };
		19290C5F476558826A7397AA /* Main.storyboard in Resources */ = {isa = PBXBuildFile; fileRef = 192906805A0AE62B14A3D850 /* Main.storyboard */; };
		19290C8C974CB63F22ECB67B /* BootstrapViewController.m in Sources */ = {isa = PBXBuildFile; fileRef = 192904D6CC936190361C4899 /* BootstrapViewController.m */; };
		19290D14E4A3BEBE41108330 /* AuthorizeViewModel.m in Sources */ = {isa = PBXBuildFile; fileRef = 192909F28EAD57D1B30ED394 /* AuthorizeViewModel.m */; };
		19290D5AF6806E23D2D9B804 /* KanbanItemViewModel.m in Sources */ = {isa = PBXBuildFile; fileRef = 19290BFFE7789FFBFB1CB70B /* KanbanItemViewModel.m */; };
		19290EE33CB939721C220D72 /* CollectionViewModel.m in Sources */ = {isa = PBXBuildFile; fileRef = 192902536FADDDD19754CE1D /* CollectionViewModel.m */; };
		19290F114F957C551D099E5F /* BroadcastServiceImpl.m in Sources */ = {isa = PBXBuildFile; fileRef = 192901FF68819C3EAD92511B /* BroadcastServiceImpl.m */; };
		19290F15C7970D5BE7FA0F39 /* CollectionViewDataSource.m in Sources */ = {isa = PBXBuildFile; fileRef = 19290B19C7CD0A504EC4F74C /* CollectionViewDataSource.m */; };
		19290F631C25E87D7A7326AE /* CollectionsItemViewCell.m in Sources */ = {isa = PBXBuildFile; fileRef = 1929031ACE2D911357CA66A9 /* CollectionsItemViewCell.m */; };
		19290F8950F10929E3DA2951 /* Main.storyboard in Resources */ = {isa = PBXBuildFile; fileRef = 19290B0F3E7CF9AED52F72B4 /* Main.storyboard */; };
		19290FBA8F50A133694786DA /* Assets.xcassets in Resources */ = {isa = PBXBuildFile; fileRef = 1929019C928AB3E629798E87 /* Assets.xcassets */; };
		273B9B9321D0C5F9006F4DB7 /* CocoaLumberjack.framework in Embed Frameworks */ = {isa = PBXBuildFile; fileRef = 273B9B9121D0C5F1006F4DB7 /* CocoaLumberjack.framework */; settings = {ATTRIBUTES = (CodeSignOnCopy, RemoveHeadersOnCopy, ); }; };
		27BFA45B21CF9088007C524B /* ViewController.m in Sources */ = {isa = PBXBuildFile; fileRef = 27BFA45A21CF9088007C524B /* ViewController.m */; };
		27BFA47021CF930D007C524B /* Alamofire.framework in Embed Frameworks */ = {isa = PBXBuildFile; fileRef = 27BFA46921CF9302007C524B /* Alamofire.framework */; settings = {ATTRIBUTES = (CodeSignOnCopy, RemoveHeadersOnCopy, ); }; };
		27BFA47221CF930D007C524B /* CoreFlo.framework in Embed Frameworks */ = {isa = PBXBuildFile; fileRef = 27BFA46D21CF9303007C524B /* CoreFlo.framework */; settings = {ATTRIBUTES = (CodeSignOnCopy, RemoveHeadersOnCopy, ); }; };
		27BFA47421CF930E007C524B /* FloObjC.framework in Embed Frameworks */ = {isa = PBXBuildFile; fileRef = 27BFA46E21CF9303007C524B /* FloObjC.framework */; settings = {ATTRIBUTES = (CodeSignOnCopy, RemoveHeadersOnCopy, ); }; };
		27BFA47621CF930E007C524B /* FloRest.framework in Embed Frameworks */ = {isa = PBXBuildFile; fileRef = 27BFA46A21CF9302007C524B /* FloRest.framework */; settings = {ATTRIBUTES = (CodeSignOnCopy, RemoveHeadersOnCopy, ); }; };
		27BFA47821CF930E007C524B /* KeychainAccess.framework in Embed Frameworks */ = {isa = PBXBuildFile; fileRef = 27BFA46B21CF9303007C524B /* KeychainAccess.framework */; settings = {ATTRIBUTES = (CodeSignOnCopy, RemoveHeadersOnCopy, ); }; };
		27BFA47A21CF930E007C524B /* SwiftyJSON.framework in Embed Frameworks */ = {isa = PBXBuildFile; fileRef = 27BFA46C21CF9303007C524B /* SwiftyJSON.framework */; settings = {ATTRIBUTES = (CodeSignOnCopy, RemoveHeadersOnCopy, ); }; };
		27BFA47E21CF9361007C524B /* Check.swift in Sources */ = {isa = PBXBuildFile; fileRef = 27BFA47D21CF9361007C524B /* Check.swift */; };
		27D4F6D421CE3F1D00F03BCD /* TestServices.m in Sources */ = {isa = PBXBuildFile; fileRef = 27D4F6D321CE3F1D00F03BCD /* TestServices.m */; };
/* End PBXBuildFile section */

/* Begin PBXContainerItemProxy section */
		27D4F6D621CE3F1D00F03BCD /* PBXContainerItemProxy */ = {
			isa = PBXContainerItemProxy;
			containerPortal = 277AB1AC21C0B99E0008DABE /* Project object */;
			proxyType = 1;
			remoteGlobalIDString = 277AB1B321C0B99E0008DABE;
			remoteInfo = DCFiOS;
		};
/* End PBXContainerItemProxy section */

/* Begin PBXCopyFilesBuildPhase section */
		27BFA47B21CF930E007C524B /* Embed Frameworks */ = {
			isa = PBXCopyFilesBuildPhase;
			buildActionMask = 2147483647;
			dstPath = "";
			dstSubfolderSpec = 10;
			files = (
				27BFA47621CF930E007C524B /* FloRest.framework in Embed Frameworks */,
				27BFA47021CF930D007C524B /* Alamofire.framework in Embed Frameworks */,
				27BFA47A21CF930E007C524B /* SwiftyJSON.framework in Embed Frameworks */,
				27BFA47421CF930E007C524B /* FloObjC.framework in Embed Frameworks */,
				27BFA47221CF930D007C524B /* CoreFlo.framework in Embed Frameworks */,
				273B9B9321D0C5F9006F4DB7 /* CocoaLumberjack.framework in Embed Frameworks */,
				27BFA47821CF930E007C524B /* KeychainAccess.framework in Embed Frameworks */,
			);
			name = "Embed Frameworks";
			runOnlyForDeploymentPostprocessing = 0;
		};
		27C16DF321C0C69400E9ADA3 /* Embed Frameworks */ = {
			isa = PBXCopyFilesBuildPhase;
			buildActionMask = 12;
			dstPath = "";
			dstSubfolderSpec = 10;
			files = (
			);
			name = "Embed Frameworks";
			runOnlyForDeploymentPostprocessing = 0;
		};
/* End PBXCopyFilesBuildPhase section */

/* Begin PBXFileReference section */
		192900320C610E8E5A00E32F /* CollectionService.h */ = {isa = PBXFileReference; fileEncoding = 4; lastKnownFileType = sourcecode.c.h; path = CollectionService.h; sourceTree = "<group>"; };
		19290065531D4D850C846B1E /* GoogleService-Info.plist */ = {isa = PBXFileReference; fileEncoding = 4; lastKnownFileType = text.plist.info; path = "GoogleService-Info.plist"; sourceTree = "<group>"; };
		192900DDE0F5CCBFE3644E27 /* AppDelegate.m */ = {isa = PBXFileReference; fileEncoding = 4; lastKnownFileType = sourcecode.c.objc; path = AppDelegate.m; sourceTree = "<group>"; };
		192901252370127BEEF76B0A /* KanbanNavigations.h */ = {isa = PBXFileReference; fileEncoding = 4; lastKnownFileType = sourcecode.c.h; path = KanbanNavigations.h; sourceTree = "<group>"; };
		1929012709CA9329FAE97A4F /* NavigationsViewModel.m */ = {isa = PBXFileReference; fileEncoding = 4; lastKnownFileType = sourcecode.c.objc; path = NavigationsViewModel.m; sourceTree = "<group>"; };
		1929012A4B672A595EC3941A /* DCFOSX.entitlements */ = {isa = PBXFileReference; fileEncoding = 4; lastKnownFileType = text.plist.entitlements; path = DCFOSX.entitlements; sourceTree = "<group>"; };
		1929017F833702C49634A818 /* BookmarkApi.h */ = {isa = PBXFileReference; fileEncoding = 4; lastKnownFileType = sourcecode.c.h; path = BookmarkApi.h; sourceTree = "<group>"; };
		1929019C928AB3E629798E87 /* Assets.xcassets */ = {isa = PBXFileReference; lastKnownFileType = folder.assetcatalog; path = Assets.xcassets; sourceTree = "<group>"; };
		192901C01B4D8E928C793768 /* UserServiceImpl.h */ = {isa = PBXFileReference; fileEncoding = 4; lastKnownFileType = sourcecode.c.h; path = UserServiceImpl.h; sourceTree = "<group>"; };
		192901E84CBEBF84504AD69C /* BaseTableViewCell.h */ = {isa = PBXFileReference; fileEncoding = 4; lastKnownFileType = sourcecode.c.h; path = BaseTableViewCell.h; sourceTree = "<group>"; };
		192901FF68819C3EAD92511B /* BroadcastServiceImpl.m */ = {isa = PBXFileReference; fileEncoding = 4; lastKnownFileType = sourcecode.c.objc; path = BroadcastServiceImpl.m; sourceTree = "<group>"; };
		19290213A5B2E508DAEA7B3B /* Storyboards.h */ = {isa = PBXFileReference; fileEncoding = 4; lastKnownFileType = sourcecode.c.h; path = Storyboards.h; sourceTree = "<group>"; };
		192902536FADDDD19754CE1D /* CollectionViewModel.m */ = {isa = PBXFileReference; fileEncoding = 4; lastKnownFileType = sourcecode.c.objc; path = CollectionViewModel.m; sourceTree = "<group>"; };
		192902B0853B9588EB8107C7 /* KanbanViewCell.m */ = {isa = PBXFileReference; fileEncoding = 4; lastKnownFileType = sourcecode.c.objc; path = KanbanViewCell.m; sourceTree = "<group>"; };
		192902C9D4E32EFC61588E3E /* BootstrapViewModel.h */ = {isa = PBXFileReference; fileEncoding = 4; lastKnownFileType = sourcecode.c.h; path = BootstrapViewModel.h; sourceTree = "<group>"; };
		1929030934EFACD68CE6A4C7 /* ProjectItemViewModel.m */ = {isa = PBXFileReference; fileEncoding = 4; lastKnownFileType = sourcecode.c.objc; path = ProjectItemViewModel.m; sourceTree = "<group>"; };
		1929031ACE2D911357CA66A9 /* CollectionsItemViewCell.m */ = {isa = PBXFileReference; fileEncoding = 4; lastKnownFileType = sourcecode.c.objc; path = CollectionsItemViewCell.m; sourceTree = "<group>"; };
		19290335F178D69FFF95C380 /* BookmarksViewController.h */ = {isa = PBXFileReference; fileEncoding = 4; lastKnownFileType = sourcecode.c.h; path = BookmarksViewController.h; sourceTree = "<group>"; };
		1929035CEF4DF27DDD33BC74 /* main.m */ = {isa = PBXFileReference; fileEncoding = 4; lastKnownFileType = sourcecode.c.objc; path = main.m; sourceTree = "<group>"; };
		1929036EE4CD901191311020 /* CollectionApiImpl.m */ = {isa = PBXFileReference; fileEncoding = 4; lastKnownFileType = sourcecode.c.objc; path = CollectionApiImpl.m; sourceTree = "<group>"; };
		192903B824708917C7CE0C8C /* Debug.xcconfig */ = {isa = PBXFileReference; fileEncoding = 4; lastKnownFileType = text.xcconfig; path = Debug.xcconfig; sourceTree = "<group>"; };
		192903E426B8AA996D1EBC53 /* CollectionViewDataSource.h */ = {isa = PBXFileReference; fileEncoding = 4; lastKnownFileType = sourcecode.c.h; path = CollectionViewDataSource.h; sourceTree = "<group>"; };
		192904009C17B4D22F0A9FB6 /* KanbanServiceImpl.m */ = {isa = PBXFileReference; fileEncoding = 4; lastKnownFileType = sourcecode.c.objc; path = KanbanServiceImpl.m; sourceTree = "<group>"; };
		19290404F36998951DC67254 /* google_app_oauth.plist */ = {isa = PBXFileReference; fileEncoding = 4; lastKnownFileType = text.plist; path = google_app_oauth.plist; sourceTree = "<group>"; };
		19290433749EF7EC5DD5BCF2 /* KanbanApi.h */ = {isa = PBXFileReference; fileEncoding = 4; lastKnownFileType = sourcecode.c.h; path = KanbanApi.h; sourceTree = "<group>"; };
		1929043B44BF10AD04F6C773 /* GetCollectionParameter.m */ = {isa = PBXFileReference; fileEncoding = 4; lastKnownFileType = sourcecode.c.objc; path = GetCollectionParameter.m; sourceTree = "<group>"; };
		1929043E9E24EDEA379B46D8 /* BaseViewController.h */ = {isa = PBXFileReference; fileEncoding = 4; lastKnownFileType = sourcecode.c.h; path = BaseViewController.h; sourceTree = "<group>"; };
		1929043FCBB54463F393FE9A /* AppDelegate.m */ = {isa = PBXFileReference; fileEncoding = 4; lastKnownFileType = sourcecode.c.objc; path = AppDelegate.m; sourceTree = "<group>"; };
		1929046433717B36848067A3 /* CollectionItemViewModel.m */ = {isa = PBXFileReference; fileEncoding = 4; lastKnownFileType = sourcecode.c.objc; path = CollectionItemViewModel.m; sourceTree = "<group>"; };
		192904D6CC936190361C4899 /* BootstrapViewController.m */ = {isa = PBXFileReference; fileEncoding = 4; lastKnownFileType = sourcecode.c.objc; path = BootstrapViewController.m; sourceTree = "<group>"; };
		192904DA8EFEDCC81D1E1E0D /* sync_periods.plist */ = {isa = PBXFileReference; fileEncoding = 4; lastKnownFileType = text.plist; path = sync_periods.plist; sourceTree = "<group>"; };
		192904FE3E368BFF9733A855 /* GetBookmarksParameter.h */ = {isa = PBXFileReference; fileEncoding = 4; lastKnownFileType = sourcecode.c.h; path = GetBookmarksParameter.h; sourceTree = "<group>"; };
		19290509A1BC31F151E31C6E /* KanbanViewController.h */ = {isa = PBXFileReference; fileEncoding = 4; lastKnownFileType = sourcecode.c.h; path = KanbanViewController.h; sourceTree = "<group>"; };
		1929052A4187B026DE56FDCA /* BookmarkService.h */ = {isa = PBXFileReference; fileEncoding = 4; lastKnownFileType = sourcecode.c.h; path = BookmarkService.h; sourceTree = "<group>"; };
		1929054DE5916515E19BE447 /* BearTrack.plist */ = {isa = PBXFileReference; fileEncoding = 4; lastKnownFileType = text.plist; path = BearTrack.plist; sourceTree = "<group>"; };
		19290597F27DDF36C06FE24C /* BookmarksViewModel.m */ = {isa = PBXFileReference; fileEncoding = 4; lastKnownFileType = sourcecode.c.objc; path = BookmarksViewModel.m; sourceTree = "<group>"; };
		1929059F72DFCFB0822CC5E2 /* FloUser.h */ = {isa = PBXFileReference; fileEncoding = 4; lastKnownFileType = sourcecode.c.h; path = FloUser.h; sourceTree = "<group>"; };
		192905A22C2075AF994A11B4 /* Release.xcconfig */ = {isa = PBXFileReference; fileEncoding = 4; lastKnownFileType = text.xcconfig; path = Release.xcconfig; sourceTree = "<group>"; };
		192905D06AF92E9E7F91C7FF /* BookmarksViewCell.h */ = {isa = PBXFileReference; fileEncoding = 4; lastKnownFileType = sourcecode.c.h; path = BookmarksViewCell.h; sourceTree = "<group>"; };
		192905FC654FFC846F2A25EE /* Navigator.h */ = {isa = PBXFileReference; fileEncoding = 4; lastKnownFileType = sourcecode.c.h; path = Navigator.h; sourceTree = "<group>"; };
		1929060070B2789CD3B1A930 /* BearTrack.plist */ = {isa = PBXFileReference; fileEncoding = 4; lastKnownFileType = text.plist; path = BearTrack.plist; sourceTree = "<group>"; };
		1929060FB9F3FDE9AD4CC3C9 /* GetKanbanParameter.m */ = {isa = PBXFileReference; fileEncoding = 4; lastKnownFileType = sourcecode.c.objc; path = GetKanbanParameter.m; sourceTree = "<group>"; };
		1929064252C73070CE6D5AB3 /* Info.plist */ = {isa = PBXFileReference; fileEncoding = 4; lastKnownFileType = text.plist.info; path = Info.plist; sourceTree = "<group>"; };
		192906676042109A23B629A1 /* AuthorizationApiImpl.m */ = {isa = PBXFileReference; fileEncoding = 4; lastKnownFileType = sourcecode.c.objc; path = AuthorizationApiImpl.m; sourceTree = "<group>"; };
		192906697A1639E52843880A /* sync_periods.plist */ = {isa = PBXFileReference; fileEncoding = 4; lastKnownFileType = text.plist; path = sync_periods.plist; sourceTree = "<group>"; };
		1929066AB6AB321A898889E0 /* GetBookmarksParameter.m */ = {isa = PBXFileReference; fileEncoding = 4; lastKnownFileType = sourcecode.c.objc; path = GetBookmarksParameter.m; sourceTree = "<group>"; };
		19290677072AF6507938CEAB /* AuthorizeViewModel.h */ = {isa = PBXFileReference; fileEncoding = 4; lastKnownFileType = sourcecode.c.h; path = AuthorizeViewModel.h; sourceTree = "<group>"; };
		1929067A011251192D3DE697 /* KanbanViewCell.h */ = {isa = PBXFileReference; fileEncoding = 4; lastKnownFileType = sourcecode.c.h; path = KanbanViewCell.h; sourceTree = "<group>"; };
		192906805A0AE62B14A3D850 /* Main.storyboard */ = {isa = PBXFileReference; lastKnownFileType = file.storyboard; path = Main.storyboard; sourceTree = "<group>"; };
		192906C214ACA084DFBE12CD /* AppDelegate.h */ = {isa = PBXFileReference; fileEncoding = 4; lastKnownFileType = sourcecode.c.h; path = AppDelegate.h; sourceTree = "<group>"; };
		192906CB89D1E0C5CD9BA0C2 /* BaseViewModel.m */ = {isa = PBXFileReference; fileEncoding = 4; lastKnownFileType = sourcecode.c.objc; path = BaseViewModel.m; sourceTree = "<group>"; };
		192906D2A36632976E27F7B0 /* HomeViewController.m */ = {isa = PBXFileReference; fileEncoding = 4; lastKnownFileType = sourcecode.c.objc; path = HomeViewController.m; sourceTree = "<group>"; };
		192906DB3E351E621E454597 /* FloKanban.h */ = {isa = PBXFileReference; fileEncoding = 4; lastKnownFileType = sourcecode.c.h; path = FloKanban.h; sourceTree = "<group>"; };
		192906F11FF24CED424F9E0F /* FloItemViewModel.h */ = {isa = PBXFileReference; fileEncoding = 4; lastKnownFileType = sourcecode.c.h; path = FloItemViewModel.h; sourceTree = "<group>"; };
		192906F8D84DC5F24BE65812 /* MainViewController.h */ = {isa = PBXFileReference; fileEncoding = 4; lastKnownFileType = sourcecode.c.h; path = MainViewController.h; sourceTree = "<group>"; };
		192906FB4AE8BE5EEE1161DC /* KanbanItemViewModel.h */ = {isa = PBXFileReference; fileEncoding = 4; lastKnownFileType = sourcecode.c.h; path = KanbanItemViewModel.h; sourceTree = "<group>"; };
		19290713ED73AD36407C8845 /* Info.plist */ = {isa = PBXFileReference; fileEncoding = 4; lastKnownFileType = text.plist.info; path = Info.plist; sourceTree = "<group>"; };
		1929072574C0F371E91C830D /* NavigationsViewController.m */ = {isa = PBXFileReference; fileEncoding = 4; lastKnownFileType = sourcecode.c.objc; path = NavigationsViewController.m; sourceTree = "<group>"; };
		1929072BDC56423EB893409F /* BookmarksViewCell.m */ = {isa = PBXFileReference; fileEncoding = 4; lastKnownFileType = sourcecode.c.objc; path = BookmarksViewCell.m; sourceTree = "<group>"; };
		19290730F17FA4FC791C50C1 /* FloCollection.h */ = {isa = PBXFileReference; fileEncoding = 4; lastKnownFileType = sourcecode.c.h; path = FloCollection.h; sourceTree = "<group>"; };
		1929074007066B236B952E63 /* GoogleService-Info.plist */ = {isa = PBXFileReference; fileEncoding = 4; lastKnownFileType = text.plist.info; path = "GoogleService-Info.plist"; sourceTree = "<group>"; };
		192907605448ED698C33612A /* GetCollectionParameter.h */ = {isa = PBXFileReference; fileEncoding = 4; lastKnownFileType = sourcecode.c.h; path = GetCollectionParameter.h; sourceTree = "<group>"; };
		192907B36904C3BBA2D7F11E /* NavigatorImpl.m */ = {isa = PBXFileReference; fileEncoding = 4; lastKnownFileType = sourcecode.c.objc; path = NavigatorImpl.m; sourceTree = "<group>"; };
		192907C6A56FA2EC59366D15 /* CollectionsViewDataSource.h */ = {isa = PBXFileReference; fileEncoding = 4; lastKnownFileType = sourcecode.c.h; path = CollectionsViewDataSource.h; sourceTree = "<group>"; };
		192907CA3571C2682C62398A /* Configurations.plist */ = {isa = PBXFileReference; fileEncoding = 4; lastKnownFileType = text.plist; path = Configurations.plist; sourceTree = "<group>"; };
		1929082E73535DFF1BC8D946 /* CollectionsViewDataSource.m */ = {isa = PBXFileReference; fileEncoding = 4; lastKnownFileType = sourcecode.c.objc; path = CollectionsViewDataSource.m; sourceTree = "<group>"; };
		19290852D551E316C96F4FB9 /* AuthorizeViewController.m */ = {isa = PBXFileReference; fileEncoding = 4; lastKnownFileType = sourcecode.c.objc; path = AuthorizeViewController.m; sourceTree = "<group>"; };
		1929085A7A9CA2241F04121E /* BroadcastServiceImpl.h */ = {isa = PBXFileReference; fileEncoding = 4; lastKnownFileType = sourcecode.c.h; path = BroadcastServiceImpl.h; sourceTree = "<group>"; };
		192908669F03D2A026B4A874 /* CollectionApi.h */ = {isa = PBXFileReference; fileEncoding = 4; lastKnownFileType = sourcecode.c.h; path = CollectionApi.h; sourceTree = "<group>"; };
		1929087DBDC2C5400A9A2A65 /* AppDelegate.h */ = {isa = PBXFileReference; fileEncoding = 4; lastKnownFileType = sourcecode.c.h; path = AppDelegate.h; sourceTree = "<group>"; };
		1929089C49695F2E4F3B11C4 /* BootstrapViewController.h */ = {isa = PBXFileReference; fileEncoding = 4; lastKnownFileType = sourcecode.c.h; path = BootstrapViewController.h; sourceTree = "<group>"; };
		192908A46895AB82D010F8F9 /* HomeViewController.h */ = {isa = PBXFileReference; fileEncoding = 4; lastKnownFileType = sourcecode.c.h; path = HomeViewController.h; sourceTree = "<group>"; };
		192908DF4349F4AA043765C6 /* CollectionsViewModel.m */ = {isa = PBXFileReference; fileEncoding = 4; lastKnownFileType = sourcecode.c.objc; path = CollectionsViewModel.m; sourceTree = "<group>"; };
		192909097E1C3EE4D7DD4AA4 /* UserService.h */ = {isa = PBXFileReference; fileEncoding = 4; lastKnownFileType = sourcecode.c.h; path = UserService.h; sourceTree = "<group>"; };
		192909125D2135DAC65CFEB0 /* AuthorizationApiImpl.h */ = {isa = PBXFileReference; fileEncoding = 4; lastKnownFileType = sourcecode.c.h; path = AuthorizationApiImpl.h; sourceTree = "<group>"; };
		192909191B5A628A14CCC6F8 /* LoginParameter.m */ = {isa = PBXFileReference; fileEncoding = 4; lastKnownFileType = sourcecode.c.objc; path = LoginParameter.m; sourceTree = "<group>"; };
		1929097ECF7682ECCDF593E4 /* BaseTableViewCell.m */ = {isa = PBXFileReference; fileEncoding = 4; lastKnownFileType = sourcecode.c.objc; path = BaseTableViewCell.m; sourceTree = "<group>"; };
		19290998172D3CA8F9D76384 /* BookmarkServiceImpl.m */ = {isa = PBXFileReference; fileEncoding = 4; lastKnownFileType = sourcecode.c.objc; path = BookmarkServiceImpl.m; sourceTree = "<group>"; };
		192909F28EAD57D1B30ED394 /* AuthorizeViewModel.m */ = {isa = PBXFileReference; fileEncoding = 4; lastKnownFileType = sourcecode.c.objc; path = AuthorizeViewModel.m; sourceTree = "<group>"; };
		19290A090A7C2A5D4F85FCF1 /* FloBookmark.m */ = {isa = PBXFileReference; fileEncoding = 4; lastKnownFileType = sourcecode.c.objc; path = FloBookmark.m; sourceTree = "<group>"; };
		19290A10D475BE49794ACAA7 /* BroadcastService.h */ = {isa = PBXFileReference; fileEncoding = 4; lastKnownFileType = sourcecode.c.h; path = BroadcastService.h; sourceTree = "<group>"; };
		19290A2FC7A61EFF75F61480 /* NavigatorImpl.h */ = {isa = PBXFileReference; fileEncoding = 4; lastKnownFileType = sourcecode.c.h; path = NavigatorImpl.h; sourceTree = "<group>"; };
		19290A43B6464D0E9C16DECA /* NavigationsViewController.h */ = {isa = PBXFileReference; fileEncoding = 4; lastKnownFileType = sourcecode.c.h; path = NavigationsViewController.h; sourceTree = "<group>"; };
		19290A70505C9E3AE813FE4D /* NavigationsViewModel.h */ = {isa = PBXFileReference; fileEncoding = 4; lastKnownFileType = sourcecode.c.h; path = NavigationsViewModel.h; sourceTree = "<group>"; };
		19290AB34A1EFCA5391F5363 /* CollectionViewModel.h */ = {isa = PBXFileReference; fileEncoding = 4; lastKnownFileType = sourcecode.c.h; path = CollectionViewModel.h; sourceTree = "<group>"; };
		19290AC060C62B3D1F9DC8ED /* DCF-Bridging-Header.h */ = {isa = PBXFileReference; fileEncoding = 4; lastKnownFileType = sourcecode.c.h; path = "DCF-Bridging-Header.h"; sourceTree = "<group>"; };
		19290B0F3E7CF9AED52F72B4 /* Main.storyboard */ = {isa = PBXFileReference; lastKnownFileType = file.storyboard; path = Main.storyboard; sourceTree = "<group>"; };
		19290B19C7CD0A504EC4F74C /* CollectionViewDataSource.m */ = {isa = PBXFileReference; fileEncoding = 4; lastKnownFileType = sourcecode.c.objc; path = CollectionViewDataSource.m; sourceTree = "<group>"; };
		19290B1EF4BA5DE614CB85D1 /* BootstrapViewModel.m */ = {isa = PBXFileReference; fileEncoding = 4; lastKnownFileType = sourcecode.c.objc; path = BootstrapViewModel.m; sourceTree = "<group>"; };
		19290B78DF43F244EE611532 /* BookmarksViewModel.h */ = {isa = PBXFileReference; fileEncoding = 4; lastKnownFileType = sourcecode.c.h; path = BookmarksViewModel.h; sourceTree = "<group>"; };
		19290B85C3FC5CCE3FCACF19 /* MainViewController.m */ = {isa = PBXFileReference; fileEncoding = 4; lastKnownFileType = sourcecode.c.objc; path = MainViewController.m; sourceTree = "<group>"; };
		19290B8991B3077284BB06F5 /* caldav_configurations.plist */ = {isa = PBXFileReference; fileEncoding = 4; lastKnownFileType = text.plist; path = caldav_configurations.plist; sourceTree = "<group>"; };
		19290B9F49466727F39DA774 /* BookmarksViewController.m */ = {isa = PBXFileReference; fileEncoding = 4; lastKnownFileType = sourcecode.c.objc; path = BookmarksViewController.m; sourceTree = "<group>"; };
		19290BA286E7C481ECD87B18 /* BaseViewController.m */ = {isa = PBXFileReference; fileEncoding = 4; lastKnownFileType = sourcecode.c.objc; path = BaseViewController.m; sourceTree = "<group>"; };
		19290BBAA3D118E537B4BDFC /* Configurations.plist */ = {isa = PBXFileReference; fileEncoding = 4; lastKnownFileType = text.plist; path = Configurations.plist; sourceTree = "<group>"; };
		19290BC38648B7B9F846FDE8 /* CollectionViewController.m */ = {isa = PBXFileReference; fileEncoding = 4; lastKnownFileType = sourcecode.c.objc; path = CollectionViewController.m; sourceTree = "<group>"; };
		19290BFFE7789FFBFB1CB70B /* KanbanItemViewModel.m */ = {isa = PBXFileReference; fileEncoding = 4; lastKnownFileType = sourcecode.c.objc; path = KanbanItemViewModel.m; sourceTree = "<group>"; };
		19290C07CF51B78C1EB0D530 /* FloBookmark.h */ = {isa = PBXFileReference; fileEncoding = 4; lastKnownFileType = sourcecode.c.h; path = FloBookmark.h; sourceTree = "<group>"; };
		19290C0BDDC686D8CE3BED70 /* BookmarkServiceImpl.h */ = {isa = PBXFileReference; fileEncoding = 4; lastKnownFileType = sourcecode.c.h; path = BookmarkServiceImpl.h; sourceTree = "<group>"; };
		19290C1567A3A64441114001 /* LoginParameter.h */ = {isa = PBXFileReference; fileEncoding = 4; lastKnownFileType = sourcecode.c.h; path = LoginParameter.h; sourceTree = "<group>"; };
		19290C1E5C94E8FBB3983B9F /* BookmarkApiImpl.m */ = {isa = PBXFileReference; fileEncoding = 4; lastKnownFileType = sourcecode.c.objc; path = BookmarkApiImpl.m; sourceTree = "<group>"; };
		19290C2BDBED06E50D0A884E /* CollectionApiImpl.h */ = {isa = PBXFileReference; fileEncoding = 4; lastKnownFileType = sourcecode.c.h; path = CollectionApiImpl.h; sourceTree = "<group>"; };
		19290CCB009A4BEA3B8F183B /* CollectionsViewController.m */ = {isa = PBXFileReference; fileEncoding = 4; lastKnownFileType = sourcecode.c.objc; path = CollectionsViewController.m; sourceTree = "<group>"; };
		19290CF447FDD7D8F04F1EFE /* CollectionsItemViewCell.h */ = {isa = PBXFileReference; fileEncoding = 4; lastKnownFileType = sourcecode.c.h; path = CollectionsItemViewCell.h; sourceTree = "<group>"; };
		19290D11FA69CD7D122C7C0C /* CollectionServiceImpl.h */ = {isa = PBXFileReference; fileEncoding = 4; lastKnownFileType = sourcecode.c.h; path = CollectionServiceImpl.h; sourceTree = "<group>"; };
		19290D2AD8B003C1D91CF283 /* CollectionServiceImpl.m */ = {isa = PBXFileReference; fileEncoding = 4; lastKnownFileType = sourcecode.c.objc; path = CollectionServiceImpl.m; sourceTree = "<group>"; };
		19290D2D9C538B410136055A /* KanbanService.h */ = {isa = PBXFileReference; fileEncoding = 4; lastKnownFileType = sourcecode.c.h; path = KanbanService.h; sourceTree = "<group>"; };
		19290D59ED5BA6084956CC56 /* FloUser.m */ = {isa = PBXFileReference; fileEncoding = 4; lastKnownFileType = sourcecode.c.objc; path = FloUser.m; sourceTree = "<group>"; };
		19290D7F4D0E42271066410F /* KanbanServiceImpl.h */ = {isa = PBXFileReference; fileEncoding = 4; lastKnownFileType = sourcecode.c.h; path = KanbanServiceImpl.h; sourceTree = "<group>"; };
		19290DE6A8DEA19BF129C63D /* caldav_configurations.plist */ = {isa = PBXFileReference; fileEncoding = 4; lastKnownFileType = text.plist; path = caldav_configurations.plist; sourceTree = "<group>"; };
		19290DE85287B5B67B39AD77 /* Assets.xcassets */ = {isa = PBXFileReference; lastKnownFileType = folder.assetcatalog; path = Assets.xcassets; sourceTree = "<group>"; };
		19290DFB8C17445C4BA325E2 /* Dependences.m */ = {isa = PBXFileReference; fileEncoding = 4; lastKnownFileType = sourcecode.c.objc; path = Dependences.m; sourceTree = "<group>"; };
		19290E05959FBD55418E1DB9 /* KanbanApiImpl.h */ = {isa = PBXFileReference; fileEncoding = 4; lastKnownFileType = sourcecode.c.h; path = KanbanApiImpl.h; sourceTree = "<group>"; };
		19290E37AFCF33A18430CBA9 /* FloKanban.m */ = {isa = PBXFileReference; fileEncoding = 4; lastKnownFileType = sourcecode.c.objc; path = FloKanban.m; sourceTree = "<group>"; };
		19290E386EC3FA04E21655F2 /* KanbanViewController.m */ = {isa = PBXFileReference; fileEncoding = 4; lastKnownFileType = sourcecode.c.objc; path = KanbanViewController.m; sourceTree = "<group>"; };
		19290E3E79EC4CF567FDC2D0 /* Storyboards.m */ = {isa = PBXFileReference; fileEncoding = 4; lastKnownFileType = sourcecode.c.objc; path = Storyboards.m; sourceTree = "<group>"; };
		19290E5E8A2CA5F9D35AE3FF /* ProjectItemViewModel.h */ = {isa = PBXFileReference; fileEncoding = 4; lastKnownFileType = sourcecode.c.h; path = ProjectItemViewModel.h; sourceTree = "<group>"; };
		19290E613AE47A201E4664BC /* BaseTableViewDataSource.h */ = {isa = PBXFileReference; fileEncoding = 4; lastKnownFileType = sourcecode.c.h; path = BaseTableViewDataSource.h; sourceTree = "<group>"; };
		19290E7A64FE3636E8FF9669 /* BaseTableViewDataSource.m */ = {isa = PBXFileReference; fileEncoding = 4; lastKnownFileType = sourcecode.c.objc; path = BaseTableViewDataSource.m; sourceTree = "<group>"; };
		19290E91EA37572D98DD98EA /* KanbanApiImpl.m */ = {isa = PBXFileReference; fileEncoding = 4; lastKnownFileType = sourcecode.c.objc; path = KanbanApiImpl.m; sourceTree = "<group>"; };
		19290EA3CEA86E9687AF9AA2 /* Dependences.h */ = {isa = PBXFileReference; fileEncoding = 4; lastKnownFileType = sourcecode.c.h; path = Dependences.h; sourceTree = "<group>"; };
		19290EB1C47F136DC62E39B6 /* LaunchScreen.storyboard */ = {isa = PBXFileReference; lastKnownFileType = file.storyboard; path = LaunchScreen.storyboard; sourceTree = "<group>"; };
		19290EB52A02F2C9964118FC /* BookmarkApiImpl.h */ = {isa = PBXFileReference; fileEncoding = 4; lastKnownFileType = sourcecode.c.h; path = BookmarkApiImpl.h; sourceTree = "<group>"; };
		19290EB735D536544434AC55 /* BaseViewModel.h */ = {isa = PBXFileReference; fileEncoding = 4; lastKnownFileType = sourcecode.c.h; path = BaseViewModel.h; sourceTree = "<group>"; };
		19290EBA92119ABCCA3CE660 /* CollectionsViewController.h */ = {isa = PBXFileReference; fileEncoding = 4; lastKnownFileType = sourcecode.c.h; path = CollectionsViewController.h; sourceTree = "<group>"; };
		19290F041D0A0DC3F8ECD45C /* CollectionsViewModel.h */ = {isa = PBXFileReference; fileEncoding = 4; lastKnownFileType = sourcecode.c.h; path = CollectionsViewModel.h; sourceTree = "<group>"; };
		19290F4F21B7CCA2F961D569 /* main.m */ = {isa = PBXFileReference; fileEncoding = 4; lastKnownFileType = sourcecode.c.objc; path = main.m; sourceTree = "<group>"; };
		19290F667285685CAFEAC4E1 /* google_app_oauth.plist */ = {isa = PBXFileReference; fileEncoding = 4; lastKnownFileType = text.plist; path = google_app_oauth.plist; sourceTree = "<group>"; };
		19290F676082CB572A31AEAC /* CollectionItemViewModel.h */ = {isa = PBXFileReference; fileEncoding = 4; lastKnownFileType = sourcecode.c.h; path = CollectionItemViewModel.h; sourceTree = "<group>"; };
		19290F946207D8793D2DADA7 /* GetKanbanParameter.h */ = {isa = PBXFileReference; fileEncoding = 4; lastKnownFileType = sourcecode.c.h; path = GetKanbanParameter.h; sourceTree = "<group>"; };
		19290F9EA605A1038FBFC188 /* CollectionViewController.h */ = {isa = PBXFileReference; fileEncoding = 4; lastKnownFileType = sourcecode.c.h; path = CollectionViewController.h; sourceTree = "<group>"; };
		19290FADBBF7CC43C3A8F2E1 /* UserServiceImpl.m */ = {isa = PBXFileReference; fileEncoding = 4; lastKnownFileType = sourcecode.c.objc; path = UserServiceImpl.m; sourceTree = "<group>"; };
		19290FCF6F736A2614A35CEF /* FloCollection.m */ = {isa = PBXFileReference; fileEncoding = 4; lastKnownFileType = sourcecode.c.objc; path = FloCollection.m; sourceTree = "<group>"; };
		19290FE4331E660C19DE20F4 /* AuthorizeViewController.h */ = {isa = PBXFileReference; fileEncoding = 4; lastKnownFileType = sourcecode.c.h; path = AuthorizeViewController.h; sourceTree = "<group>"; };
		19290FED0D1016CEE8981AC0 /* AuthorizationApi.h */ = {isa = PBXFileReference; fileEncoding = 4; lastKnownFileType = sourcecode.c.h; path = AuthorizationApi.h; sourceTree = "<group>"; };
		273B9B9121D0C5F1006F4DB7 /* CocoaLumberjack.framework */ = {isa = PBXFileReference; lastKnownFileType = wrapper.framework; name = CocoaLumberjack.framework; path = Carthage/Build/Mac/CocoaLumberjack.framework; sourceTree = "<group>"; };
		277AB1B421C0B99E0008DABE /* DCFiOS.app */ = {isa = PBXFileReference; explicitFileType = wrapper.application; includeInIndex = 0; path = DCFiOS.app; sourceTree = BUILT_PRODUCTS_DIR; };
		27BFA45421CF9088007C524B /* DCFOSX.app */ = {isa = PBXFileReference; explicitFileType = wrapper.application; includeInIndex = 0; path = DCFOSX.app; sourceTree = BUILT_PRODUCTS_DIR; };
		27BFA45921CF9088007C524B /* ViewController.h */ = {isa = PBXFileReference; lastKnownFileType = sourcecode.c.h; path = ViewController.h; sourceTree = "<group>"; };
		27BFA45A21CF9088007C524B /* ViewController.m */ = {isa = PBXFileReference; lastKnownFileType = sourcecode.c.objc; path = ViewController.m; sourceTree = "<group>"; };
		27BFA46921CF9302007C524B /* Alamofire.framework */ = {isa = PBXFileReference; lastKnownFileType = wrapper.framework; name = Alamofire.framework; path = Carthage/Build/Mac/Alamofire.framework; sourceTree = "<group>"; };
		27BFA46A21CF9302007C524B /* FloRest.framework */ = {isa = PBXFileReference; lastKnownFileType = wrapper.framework; name = FloRest.framework; path = Carthage/Build/Mac/FloRest.framework; sourceTree = "<group>"; };
		27BFA46B21CF9303007C524B /* KeychainAccess.framework */ = {isa = PBXFileReference; lastKnownFileType = wrapper.framework; name = KeychainAccess.framework; path = Carthage/Build/Mac/KeychainAccess.framework; sourceTree = "<group>"; };
		27BFA46C21CF9303007C524B /* SwiftyJSON.framework */ = {isa = PBXFileReference; lastKnownFileType = wrapper.framework; name = SwiftyJSON.framework; path = Carthage/Build/Mac/SwiftyJSON.framework; sourceTree = "<group>"; };
		27BFA46D21CF9303007C524B /* CoreFlo.framework */ = {isa = PBXFileReference; lastKnownFileType = wrapper.framework; name = CoreFlo.framework; path = Carthage/Build/Mac/CoreFlo.framework; sourceTree = "<group>"; };
		27BFA46E21CF9303007C524B /* FloObjC.framework */ = {isa = PBXFileReference; lastKnownFileType = wrapper.framework; name = FloObjC.framework; path = Carthage/Build/Mac/FloObjC.framework; sourceTree = "<group>"; };
		27BFA47D21CF9361007C524B /* Check.swift */ = {isa = PBXFileReference; lastKnownFileType = sourcecode.swift; path = Check.swift; sourceTree = "<group>"; };
		27D4F6D121CE3F1D00F03BCD /* TestServices.xctest */ = {isa = PBXFileReference; explicitFileType = wrapper.cfbundle; includeInIndex = 0; path = TestServices.xctest; sourceTree = BUILT_PRODUCTS_DIR; };
		27D4F6D321CE3F1D00F03BCD /* TestServices.m */ = {isa = PBXFileReference; lastKnownFileType = sourcecode.c.objc; path = TestServices.m; sourceTree = "<group>"; };
		27D4F6D521CE3F1D00F03BCD /* Info.plist */ = {isa = PBXFileReference; lastKnownFileType = text.plist.xml; path = Info.plist; sourceTree = "<group>"; };
/* End PBXFileReference section */

/* Begin PBXFrameworksBuildPhase section */
		277AB1B121C0B99E0008DABE /* Frameworks */ = {
			isa = PBXFrameworksBuildPhase;
			buildActionMask = 2147483647;
			files = (
			);
			runOnlyForDeploymentPostprocessing = 0;
		};
		27BFA45121CF9088007C524B /* Frameworks */ = {
			isa = PBXFrameworksBuildPhase;
			buildActionMask = 2147483647;
			files = (
			);
			runOnlyForDeploymentPostprocessing = 0;
		};
		27D4F6CE21CE3F1D00F03BCD /* Frameworks */ = {
			isa = PBXFrameworksBuildPhase;
			buildActionMask = 2147483647;
			files = (
			);
			runOnlyForDeploymentPostprocessing = 0;
		};
/* End PBXFrameworksBuildPhase section */

/* Begin PBXGroup section */
		1929002D5ED325A43025D07F /* view */ = {
			isa = PBXGroup;
			children = (
				192904D6CC936190361C4899 /* BootstrapViewController.m */,
				1929089C49695F2E4F3B11C4 /* BootstrapViewController.h */,
			);
			path = view;
			sourceTree = "<group>";
		};
		19290037D29AC68EF08710EE /* authorize */ = {
			isa = PBXGroup;
			children = (
				19290688FD0809171150CC69 /* view */,
				19290B441E12BEA163F4F063 /* model */,
			);
			path = authorize;
			sourceTree = "<group>";
		};
		19290047D99AC85F4DF18CBD /* model */ = {
			isa = PBXGroup;
			children = (
				192908DF4349F4AA043765C6 /* CollectionsViewModel.m */,
				19290F041D0A0DC3F8ECD45C /* CollectionsViewModel.h */,
				1929046433717B36848067A3 /* CollectionItemViewModel.m */,
				19290F676082CB572A31AEAC /* CollectionItemViewModel.h */,
				192902536FADDDD19754CE1D /* CollectionViewModel.m */,
				19290AB34A1EFCA5391F5363 /* CollectionViewModel.h */,
				1929030934EFACD68CE6A4C7 /* ProjectItemViewModel.m */,
				19290E5E8A2CA5F9D35AE3FF /* ProjectItemViewModel.h */,
			);
			path = model;
			sourceTree = "<group>";
		};
		19290060F5E080B40A81D935 /* configuration */ = {
			isa = PBXGroup;
			children = (
				19290DF1C5426A99231644A3 /* Debug */,
				1929058E29AE3EDFD0AE766F /* Release */,
			);
			path = configuration;
			sourceTree = "<group>";
		};
		1929012D916E81FA41609984 /* model */ = {
			isa = PBXGroup;
			children = (
				1929012709CA9329FAE97A4F /* NavigationsViewModel.m */,
				19290A70505C9E3AE813FE4D /* NavigationsViewModel.h */,
				19290BFFE7789FFBFB1CB70B /* KanbanItemViewModel.m */,
				192906FB4AE8BE5EEE1161DC /* KanbanItemViewModel.h */,
			);
			path = model;
			sourceTree = "<group>";
		};
		1929021B57245754CB1E1244 /* application */ = {
			isa = PBXGroup;
			children = (
				19290F4F21B7CCA2F961D569 /* main.m */,
				192900DDE0F5CCBFE3644E27 /* AppDelegate.m */,
				192906C214ACA084DFBE12CD /* AppDelegate.h */,
				19290713ED73AD36407C8845 /* Info.plist */,
			);
			path = application;
			sourceTree = "<group>";
		};
		19290235AC8047584C6ADDAD /* storyboard */ = {
			isa = PBXGroup;
			children = (
				19290B0F3E7CF9AED52F72B4 /* Main.storyboard */,
			);
			path = storyboard;
			sourceTree = "<group>";
		};
		1929026C973206FD8492A89F /* resource */ = {
			isa = PBXGroup;
			children = (
				19290DE85287B5B67B39AD77 /* Assets.xcassets */,
			);
			path = resource;
			sourceTree = "<group>";
		};
		1929042B386903A8C10F6453 /* impl */ = {
			isa = PBXGroup;
			children = (
				192907B36904C3BBA2D7F11E /* NavigatorImpl.m */,
				19290A2FC7A61EFF75F61480 /* NavigatorImpl.h */,
			);
			path = impl;
			sourceTree = "<group>";
		};
		1929047DEEC5C0201C6EE5A4 /* ui */ = {
			isa = PBXGroup;
			children = (
				1929079318C512CC7820FC19 /* storyboard */,
				19290FC936D904E7D733F0D5 /* scene */,
				19290F15BB9C3D8C3C107642 /* common */,
				19290DB9E4BF8E5B4D091120 /* navigator */,
			);
			path = ui;
			sourceTree = "<group>";
		};
		192904BF0F2A092A11E8FFF3 /* kanban */ = {
			isa = PBXGroup;
			children = (
				19290BA9B04B3671C1326035 /* view */,
			);
			path = kanban;
			sourceTree = "<group>";
		};
		192904F7D727EB468F30F028 /* resource */ = {
			isa = PBXGroup;
			children = (
				1929019C928AB3E629798E87 /* Assets.xcassets */,
			);
			path = resource;
			sourceTree = "<group>";
		};
		1929058E29AE3EDFD0AE766F /* Release */ = {
			isa = PBXGroup;
			children = (
				1929054DE5916515E19BE447 /* BearTrack.plist */,
				19290DE6A8DEA19BF129C63D /* caldav_configurations.plist */,
				19290BBAA3D118E537B4BDFC /* Configurations.plist */,
				19290404F36998951DC67254 /* google_app_oauth.plist */,
				1929074007066B236B952E63 /* GoogleService-Info.plist */,
				192905A22C2075AF994A11B4 /* Release.xcconfig */,
				192906697A1639E52843880A /* sync_periods.plist */,
			);
			path = Release;
			sourceTree = "<group>";
		};
		1929059C3A80F09686DBBD05 /* view */ = {
			isa = PBXGroup;
			children = (
				19290B85C3FC5CCE3FCACF19 /* MainViewController.m */,
				192906F8D84DC5F24BE65812 /* MainViewController.h */,
			);
			path = view;
			sourceTree = "<group>";
		};
		19290659517618C937410031 /* interface */ = {
			isa = PBXGroup;
			children = (
				192905FC654FFC846F2A25EE /* Navigator.h */,
				192901252370127BEEF76B0A /* KanbanNavigations.h */,
			);
			path = interface;
			sourceTree = "<group>";
		};
		19290688FD0809171150CC69 /* view */ = {
			isa = PBXGroup;
			children = (
				19290852D551E316C96F4FB9 /* AuthorizeViewController.m */,
				19290FE4331E660C19DE20F4 /* AuthorizeViewController.h */,
			);
			path = view;
			sourceTree = "<group>";
		};
		1929078FEDD5A9233684CE38 /* navigations */ = {
			isa = PBXGroup;
			children = (
				19290E30B8496F0A136AD0E4 /* view */,
				1929012D916E81FA41609984 /* model */,
			);
			path = navigations;
			sourceTree = "<group>";
		};
		1929079318C512CC7820FC19 /* storyboard */ = {
			isa = PBXGroup;
			children = (
				192906805A0AE62B14A3D850 /* Main.storyboard */,
				19290EB1C47F136DC62E39B6 /* LaunchScreen.storyboard */,
				19290E3E79EC4CF567FDC2D0 /* Storyboards.m */,
				19290213A5B2E508DAEA7B3B /* Storyboards.h */,
			);
			path = storyboard;
			sourceTree = "<group>";
		};
		192907AF910F80AB417CBCB3 /* Shared */ = {
			isa = PBXGroup;
			children = (
				19290AC060C62B3D1F9DC8ED /* DCF-Bridging-Header.h */,
				19290060F5E080B40A81D935 /* configuration */,
				1929012A4B672A595EC3941A /* DCFOSX.entitlements */,
			);
			path = Shared;
			sourceTree = "<group>";
		};
		192908E94588E417634A04A7 /* home */ = {
			isa = PBXGroup;
			children = (
				19290A567F469DFC7416A8A8 /* view */,
			);
			path = home;
			sourceTree = "<group>";
		};
		19290A4E12B582A91D295A0E /* model */ = {
			isa = PBXGroup;
			children = (
				19290B1EF4BA5DE614CB85D1 /* BootstrapViewModel.m */,
				192902C9D4E32EFC61588E3E /* BootstrapViewModel.h */,
			);
			path = model;
			sourceTree = "<group>";
		};
		19290A567F469DFC7416A8A8 /* view */ = {
			isa = PBXGroup;
			children = (
				192906D2A36632976E27F7B0 /* HomeViewController.m */,
				192908A46895AB82D010F8F9 /* HomeViewController.h */,
			);
			path = view;
			sourceTree = "<group>";
		};
		19290A5ECAF5986AA044C154 /* bootstrap */ = {
			isa = PBXGroup;
			children = (
				1929002D5ED325A43025D07F /* view */,
				19290A4E12B582A91D295A0E /* model */,
			);
			path = bootstrap;
			sourceTree = "<group>";
		};
		19290AD3F891A914A5A2944A /* collection */ = {
			isa = PBXGroup;
			children = (
				19290C23079BCD9A618A2B92 /* view */,
				19290047D99AC85F4DF18CBD /* model */,
				19290EA8F7F5D7D00FDA7BCF /* datasource */,
			);
			path = collection;
			sourceTree = "<group>";
		};
		19290ADC0AA8A012EC11A0B5 /* interface */ = {
			isa = PBXGroup;
			children = (
				192909097E1C3EE4D7DD4AA4 /* UserService.h */,
				19290A10D475BE49794ACAA7 /* BroadcastService.h */,
				192900320C610E8E5A00E32F /* CollectionService.h */,
				19290D2D9C538B410136055A /* KanbanService.h */,
				1929052A4187B026DE56FDCA /* BookmarkService.h */,
			);
			path = interface;
			sourceTree = "<group>";
		};
		19290B441E12BEA163F4F063 /* model */ = {
			isa = PBXGroup;
			children = (
				192909F28EAD57D1B30ED394 /* AuthorizeViewModel.m */,
				19290677072AF6507938CEAB /* AuthorizeViewModel.h */,
			);
			path = model;
			sourceTree = "<group>";
		};
		19290B67AEF3DC55C35E03AE /* application */ = {
			isa = PBXGroup;
			children = (
				1929087DBDC2C5400A9A2A65 /* AppDelegate.h */,
				1929043FCBB54463F393FE9A /* AppDelegate.m */,
				1929035CEF4DF27DDD33BC74 /* main.m */,
				1929064252C73070CE6D5AB3 /* Info.plist */,
				19290DFB8C17445C4BA325E2 /* Dependences.m */,
				19290EA3CEA86E9687AF9AA2 /* Dependences.h */,
			);
			path = application;
			sourceTree = "<group>";
		};
		19290BA9B04B3671C1326035 /* view */ = {
			isa = PBXGroup;
			children = (
				19290E386EC3FA04E21655F2 /* KanbanViewController.m */,
				19290509A1BC31F151E31C6E /* KanbanViewController.h */,
			);
			path = view;
			sourceTree = "<group>";
		};
		19290BCCA2842EE0D6668A39 /* service */ = {
			isa = PBXGroup;
			children = (
				19290ADC0AA8A012EC11A0B5 /* interface */,
				19290F5488D92DB3BE097B48 /* impl */,
				19290C2DA1CF02A6E524C5EB /* params */,
			);
			path = service;
			sourceTree = "<group>";
		};
		19290C23079BCD9A618A2B92 /* view */ = {
			isa = PBXGroup;
			children = (
				19290CCB009A4BEA3B8F183B /* CollectionsViewController.m */,
				19290EBA92119ABCCA3CE660 /* CollectionsViewController.h */,
				19290BC38648B7B9F846FDE8 /* CollectionViewController.m */,
				19290F9EA605A1038FBFC188 /* CollectionViewController.h */,
				1929031ACE2D911357CA66A9 /* CollectionsItemViewCell.m */,
				19290CF447FDD7D8F04F1EFE /* CollectionsItemViewCell.h */,
			);
			path = view;
			sourceTree = "<group>";
		};
		19290C2DA1CF02A6E524C5EB /* params */ = {
			isa = PBXGroup;
			children = (
				192909191B5A628A14CCC6F8 /* LoginParameter.m */,
				19290C1567A3A64441114001 /* LoginParameter.h */,
				1929043B44BF10AD04F6C773 /* GetCollectionParameter.m */,
				192907605448ED698C33612A /* GetCollectionParameter.h */,
				1929060FB9F3FDE9AD4CC3C9 /* GetKanbanParameter.m */,
				19290F946207D8793D2DADA7 /* GetKanbanParameter.h */,
				1929066AB6AB321A898889E0 /* GetBookmarksParameter.m */,
				192904FE3E368BFF9733A855 /* GetBookmarksParameter.h */,
			);
			path = params;
			sourceTree = "<group>";
		};
		19290CA604D0AA2618D2F537 /* model */ = {
			isa = PBXGroup;
			children = (
				19290597F27DDF36C06FE24C /* BookmarksViewModel.m */,
				19290B78DF43F244EE611532 /* BookmarksViewModel.h */,
			);
			path = model;
			sourceTree = "<group>";
		};
		19290D76F91396E83EC0A1F6 /* bookmarks */ = {
			isa = PBXGroup;
			children = (
				19290EA5692D38863E9F79A4 /* view */,
				19290CA604D0AA2618D2F537 /* model */,
			);
			path = bookmarks;
			sourceTree = "<group>";
		};
		19290DB9E4BF8E5B4D091120 /* navigator */ = {
			isa = PBXGroup;
			children = (
				19290659517618C937410031 /* interface */,
				1929042B386903A8C10F6453 /* impl */,
			);
			path = navigator;
			sourceTree = "<group>";
		};
		19290DD1AFC80AD0617E7851 /* impl */ = {
			isa = PBXGroup;
			children = (
				192906676042109A23B629A1 /* AuthorizationApiImpl.m */,
				192909125D2135DAC65CFEB0 /* AuthorizationApiImpl.h */,
				1929036EE4CD901191311020 /* CollectionApiImpl.m */,
				19290C2BDBED06E50D0A884E /* CollectionApiImpl.h */,
				19290E91EA37572D98DD98EA /* KanbanApiImpl.m */,
				19290E05959FBD55418E1DB9 /* KanbanApiImpl.h */,
				19290C1E5C94E8FBB3983B9F /* BookmarkApiImpl.m */,
				19290EB52A02F2C9964118FC /* BookmarkApiImpl.h */,
			);
			path = impl;
			sourceTree = "<group>";
		};
		19290DE6CB06D1C1415A4DE3 /* interface */ = {
			isa = PBXGroup;
			children = (
				19290FED0D1016CEE8981AC0 /* AuthorizationApi.h */,
				192908669F03D2A026B4A874 /* CollectionApi.h */,
				19290433749EF7EC5DD5BCF2 /* KanbanApi.h */,
				1929017F833702C49634A818 /* BookmarkApi.h */,
			);
			path = interface;
			sourceTree = "<group>";
		};
		19290DF1C5426A99231644A3 /* Debug */ = {
			isa = PBXGroup;
			children = (
				1929060070B2789CD3B1A930 /* BearTrack.plist */,
				19290B8991B3077284BB06F5 /* caldav_configurations.plist */,
				192907CA3571C2682C62398A /* Configurations.plist */,
				192903B824708917C7CE0C8C /* Debug.xcconfig */,
				19290F667285685CAFEAC4E1 /* google_app_oauth.plist */,
				19290065531D4D850C846B1E /* GoogleService-Info.plist */,
				192904DA8EFEDCC81D1E1E0D /* sync_periods.plist */,
			);
			path = Debug;
			sourceTree = "<group>";
		};
		19290E30B8496F0A136AD0E4 /* view */ = {
			isa = PBXGroup;
			children = (
				1929072574C0F371E91C830D /* NavigationsViewController.m */,
				19290A43B6464D0E9C16DECA /* NavigationsViewController.h */,
				192902B0853B9588EB8107C7 /* KanbanViewCell.m */,
				1929067A011251192D3DE697 /* KanbanViewCell.h */,
			);
			path = view;
			sourceTree = "<group>";
		};
		19290E4A44151FF91791EE44 /* ui */ = {
			isa = PBXGroup;
			children = (
				19290235AC8047584C6ADDAD /* storyboard */,
			);
			path = ui;
			sourceTree = "<group>";
		};
		19290EA5692D38863E9F79A4 /* view */ = {
			isa = PBXGroup;
			children = (
				19290B9F49466727F39DA774 /* BookmarksViewController.m */,
				19290335F178D69FFF95C380 /* BookmarksViewController.h */,
				1929072BDC56423EB893409F /* BookmarksViewCell.m */,
				192905D06AF92E9E7F91C7FF /* BookmarksViewCell.h */,
			);
			path = view;
			sourceTree = "<group>";
		};
		19290EA8F7F5D7D00FDA7BCF /* datasource */ = {
			isa = PBXGroup;
			children = (
				19290B19C7CD0A504EC4F74C /* CollectionViewDataSource.m */,
				192903E426B8AA996D1EBC53 /* CollectionViewDataSource.h */,
				1929082E73535DFF1BC8D946 /* CollectionsViewDataSource.m */,
				192907C6A56FA2EC59366D15 /* CollectionsViewDataSource.h */,
			);
			path = datasource;
			sourceTree = "<group>";
		};
		19290EC7504FBB2335CDBF64 /* model */ = {
			isa = PBXGroup;
			children = (
				19290D59ED5BA6084956CC56 /* FloUser.m */,
				1929059F72DFCFB0822CC5E2 /* FloUser.h */,
				19290FCF6F736A2614A35CEF /* FloCollection.m */,
				19290730F17FA4FC791C50C1 /* FloCollection.h */,
				19290E37AFCF33A18430CBA9 /* FloKanban.m */,
				192906DB3E351E621E454597 /* FloKanban.h */,
				19290A090A7C2A5D4F85FCF1 /* FloBookmark.m */,
				19290C07CF51B78C1EB0D530 /* FloBookmark.h */,
			);
			path = model;
			sourceTree = "<group>";
		};
		19290EEDFD3FC60CCABAD572 /* main */ = {
			isa = PBXGroup;
			children = (
				1929059C3A80F09686DBBD05 /* view */,
			);
			path = main;
			sourceTree = "<group>";
		};
		19290F15BB9C3D8C3C107642 /* common */ = {
			isa = PBXGroup;
			children = (
				19290BA286E7C481ECD87B18 /* BaseViewController.m */,
				1929043E9E24EDEA379B46D8 /* BaseViewController.h */,
				192906CB89D1E0C5CD9BA0C2 /* BaseViewModel.m */,
				19290EB735D536544434AC55 /* BaseViewModel.h */,
				19290E7A64FE3636E8FF9669 /* BaseTableViewDataSource.m */,
				19290E613AE47A201E4664BC /* BaseTableViewDataSource.h */,
				1929097ECF7682ECCDF593E4 /* BaseTableViewCell.m */,
				192901E84CBEBF84504AD69C /* BaseTableViewCell.h */,
				192906F11FF24CED424F9E0F /* FloItemViewModel.h */,
			);
			path = common;
			sourceTree = "<group>";
		};
		19290F5488D92DB3BE097B48 /* impl */ = {
			isa = PBXGroup;
			children = (
				19290FADBBF7CC43C3A8F2E1 /* UserServiceImpl.m */,
				192901C01B4D8E928C793768 /* UserServiceImpl.h */,
				192901FF68819C3EAD92511B /* BroadcastServiceImpl.m */,
				1929085A7A9CA2241F04121E /* BroadcastServiceImpl.h */,
				19290D2AD8B003C1D91CF283 /* CollectionServiceImpl.m */,
				19290D11FA69CD7D122C7C0C /* CollectionServiceImpl.h */,
				192904009C17B4D22F0A9FB6 /* KanbanServiceImpl.m */,
				19290D7F4D0E42271066410F /* KanbanServiceImpl.h */,
				19290998172D3CA8F9D76384 /* BookmarkServiceImpl.m */,
				19290C0BDDC686D8CE3BED70 /* BookmarkServiceImpl.h */,
			);
			path = impl;
			sourceTree = "<group>";
		};
		19290F6B38C81EB25C60FFF5 /* api */ = {
			isa = PBXGroup;
			children = (
				19290DE6CB06D1C1415A4DE3 /* interface */,
				19290DD1AFC80AD0617E7851 /* impl */,
			);
			path = api;
			sourceTree = "<group>";
		};
		19290FC936D904E7D733F0D5 /* scene */ = {
			isa = PBXGroup;
			children = (
				19290A5ECAF5986AA044C154 /* bootstrap */,
				19290037D29AC68EF08710EE /* authorize */,
				19290EEDFD3FC60CCABAD572 /* main */,
				192908E94588E417634A04A7 /* home */,
				1929078FEDD5A9233684CE38 /* navigations */,
				19290AD3F891A914A5A2944A /* collection */,
				192904BF0F2A092A11E8FFF3 /* kanban */,
				19290D76F91396E83EC0A1F6 /* bookmarks */,
			);
			path = scene;
			sourceTree = "<group>";
		};
		277AB1AB21C0B99E0008DABE = {
			isa = PBXGroup;
			children = (
				277AB1B621C0B99E0008DABE /* DCFiOS */,
				27D4F6D221CE3F1D00F03BCD /* TestServices */,
				27BFA45521CF9088007C524B /* DCFOSX */,
				277AB1B521C0B99E0008DABE /* Products */,
				277AB1CE21C0BF160008DABE /* Frameworks */,
				192907AF910F80AB417CBCB3 /* Shared */,
			);
			sourceTree = "<group>";
		};
		277AB1B521C0B99E0008DABE /* Products */ = {
			isa = PBXGroup;
			children = (
				277AB1B421C0B99E0008DABE /* DCFiOS.app */,
				27D4F6D121CE3F1D00F03BCD /* TestServices.xctest */,
				27BFA45421CF9088007C524B /* DCFOSX.app */,
			);
			name = Products;
			sourceTree = "<group>";
		};
		277AB1B621C0B99E0008DABE /* DCFiOS */ = {
			isa = PBXGroup;
			children = (
				19290B67AEF3DC55C35E03AE /* application */,
				192904F7D727EB468F30F028 /* resource */,
				1929047DEEC5C0201C6EE5A4 /* ui */,
				19290EC7504FBB2335CDBF64 /* model */,
				19290BCCA2842EE0D6668A39 /* service */,
				19290F6B38C81EB25C60FFF5 /* api */,
			);
			path = DCFiOS;
			sourceTree = "<group>";
		};
		277AB1CE21C0BF160008DABE /* Frameworks */ = {
			isa = PBXGroup;
			children = (
				27BFA46921CF9302007C524B /* Alamofire.framework */,
				27BFA46D21CF9303007C524B /* CoreFlo.framework */,
				27BFA46E21CF9303007C524B /* FloObjC.framework */,
				27BFA46A21CF9302007C524B /* FloRest.framework */,
				27BFA46B21CF9303007C524B /* KeychainAccess.framework */,
				27BFA46C21CF9303007C524B /* SwiftyJSON.framework */,
				273B9B9121D0C5F1006F4DB7 /* CocoaLumberjack.framework */,
			);
			name = Frameworks;
			sourceTree = "<group>";
		};
		27BFA45521CF9088007C524B /* DCFOSX */ = {
			isa = PBXGroup;
			children = (
				27BFA45921CF9088007C524B /* ViewController.h */,
				27BFA45A21CF9088007C524B /* ViewController.m */,
				27BFA47D21CF9361007C524B /* Check.swift */,
				1929021B57245754CB1E1244 /* application */,
				1929026C973206FD8492A89F /* resource */,
				19290E4A44151FF91791EE44 /* ui */,
			);
			path = DCFOSX;
			sourceTree = "<group>";
		};
		27D4F6D221CE3F1D00F03BCD /* TestServices */ = {
			isa = PBXGroup;
			children = (
				27D4F6D321CE3F1D00F03BCD /* TestServices.m */,
				27D4F6D521CE3F1D00F03BCD /* Info.plist */,
			);
			path = TestServices;
			sourceTree = "<group>";
		};
/* End PBXGroup section */

/* Begin PBXNativeTarget section */
		277AB1B321C0B99E0008DABE /* DCFiOS */ = {
			isa = PBXNativeTarget;
			buildConfigurationList = 277AB1CA21C0B99F0008DABE /* Build configuration list for PBXNativeTarget "DCFiOS" */;
			buildPhases = (
				277AB1B021C0B99E0008DABE /* Sources */,
				277AB1B121C0B99E0008DABE /* Frameworks */,
				277AB1B221C0B99E0008DABE /* Resources */,
				27C16DF321C0C69400E9ADA3 /* Embed Frameworks */,
				27C16DF421C0C79500E9ADA3 /* ShellScript */,
				277AB1CD21C0BB040008DABE /* ShellScript */,
			);
			buildRules = (
			);
			dependencies = (
			);
			name = DCFiOS;
			productName = DCFiOS;
			productReference = 277AB1B421C0B99E0008DABE /* DCFiOS.app */;
			productType = "com.apple.product-type.application";
		};
		27BFA45321CF9088007C524B /* DCFOSX */ = {
			isa = PBXNativeTarget;
			buildConfigurationList = 27BFA46721CF908A007C524B /* Build configuration list for PBXNativeTarget "DCFOSX" */;
			buildPhases = (
				27BFA45021CF9088007C524B /* Sources */,
				27BFA45121CF9088007C524B /* Frameworks */,
				27BFA45221CF9088007C524B /* Resources */,
				27BFA47B21CF930E007C524B /* Embed Frameworks */,
				27BFA46821CF90F8007C524B /* ShellScript */,
				273B9B9621D0CCCD006F4DB7 /* ShellScript */,
			);
			buildRules = (
			);
			dependencies = (
			);
			name = DCFOSX;
			productName = DCFOSX;
			productReference = 27BFA45421CF9088007C524B /* DCFOSX.app */;
			productType = "com.apple.product-type.application";
		};
		27D4F6D021CE3F1D00F03BCD /* TestServices */ = {
			isa = PBXNativeTarget;
			buildConfigurationList = 27D4F6DA21CE3F1D00F03BCD /* Build configuration list for PBXNativeTarget "TestServices" */;
			buildPhases = (
				27D4F6CD21CE3F1D00F03BCD /* Sources */,
				27D4F6CE21CE3F1D00F03BCD /* Frameworks */,
				27D4F6CF21CE3F1D00F03BCD /* Resources */,
			);
			buildRules = (
			);
			dependencies = (
				27D4F6D721CE3F1D00F03BCD /* PBXTargetDependency */,
			);
			name = TestServices;
			productName = TestServices;
			productReference = 27D4F6D121CE3F1D00F03BCD /* TestServices.xctest */;
			productType = "com.apple.product-type.bundle.unit-test";
		};
/* End PBXNativeTarget section */

/* Begin PBXProject section */
		277AB1AC21C0B99E0008DABE /* Project object */ = {
			isa = PBXProject;
			attributes = {
				LastUpgradeCheck = 0940;
				ORGANIZATIONNAME = "Hai Nguyen";
				TargetAttributes = {
					277AB1B321C0B99E0008DABE = {
						CreatedOnToolsVersion = 9.4.1;
						LastSwiftMigration = 0940;
					};
					27BFA45321CF9088007C524B = {
						CreatedOnToolsVersion = 9.4.1;
						LastSwiftMigration = 0940;
					};
					27D4F6D021CE3F1D00F03BCD = {
						CreatedOnToolsVersion = 9.4.1;
						TestTargetID = 277AB1B321C0B99E0008DABE;
					};
				};
			};
			buildConfigurationList = 277AB1AF21C0B99E0008DABE /* Build configuration list for PBXProject "DCFiOS" */;
			compatibilityVersion = "Xcode 9.3";
			developmentRegion = en;
			hasScannedForEncodings = 0;
			knownRegions = (
				en,
				Base,
			);
			mainGroup = 277AB1AB21C0B99E0008DABE;
			productRefGroup = 277AB1B521C0B99E0008DABE /* Products */;
			projectDirPath = "";
			projectRoot = "";
			targets = (
				277AB1B321C0B99E0008DABE /* DCFiOS */,
				27D4F6D021CE3F1D00F03BCD /* TestServices */,
				27BFA45321CF9088007C524B /* DCFOSX */,
			);
		};
/* End PBXProject section */

/* Begin PBXResourcesBuildPhase section */
		277AB1B221C0B99E0008DABE /* Resources */ = {
			isa = PBXResourcesBuildPhase;
			buildActionMask = 2147483647;
			files = (
				19290FBA8F50A133694786DA /* Assets.xcassets in Resources */,
				19290C5F476558826A7397AA /* Main.storyboard in Resources */,
				1929069AC172E74B6C5940D7 /* LaunchScreen.storyboard in Resources */,
			);
			runOnlyForDeploymentPostprocessing = 0;
		};
		27BFA45221CF9088007C524B /* Resources */ = {
			isa = PBXResourcesBuildPhase;
			buildActionMask = 2147483647;
			files = (
				192908AB2FD0513384E84E3A /* Assets.xcassets in Resources */,
				19290F8950F10929E3DA2951 /* Main.storyboard in Resources */,
			);
			runOnlyForDeploymentPostprocessing = 0;
		};
		27D4F6CF21CE3F1D00F03BCD /* Resources */ = {
			isa = PBXResourcesBuildPhase;
			buildActionMask = 2147483647;
			files = (
			);
			runOnlyForDeploymentPostprocessing = 0;
		};
/* End PBXResourcesBuildPhase section */

/* Begin PBXShellScriptBuildPhase section */
		273B9B9621D0CCCD006F4DB7 /* ShellScript */ = {
			isa = PBXShellScriptBuildPhase;
			buildActionMask = 12;
			files = (
			);
			inputPaths = (
			);
			outputPaths = (
			);
			runOnlyForDeploymentPostprocessing = 0;
			shellPath = /bin/sh;
			shellScript = "RESOURCE_PATH=${SRCROOT}/Shared/configuration/${CONFIGURATION}\nBUILD_APP_DIR=${BUILT_PRODUCTS_DIR}/${PRODUCT_NAME}.app/Contents/Resources\n\necho \"Copying all files under ${RESOURCE_PATH} to ${BUILD_APP_DIR}\"\ncp -r \"${RESOURCE_PATH}/\"* \"${BUILD_APP_DIR}/\"";
		};
		277AB1CD21C0BB040008DABE /* ShellScript */ = {
			isa = PBXShellScriptBuildPhase;
			buildActionMask = 2147483647;
			files = (
			);
			inputPaths = (
				"$(SRCROOT)/Carthage/Build/iOS/Alamofire.framework",
				"$(SRCROOT)/Carthage/Build/iOS/SwiftyJSON.framework",
				"$(SRCROOT)/Carthage/Build/iOS/FloRest.framework",
				"$(SRCROOT)/Carthage/Build/iOS/CoreFlo.framework",
				"$(SRCROOT)/Carthage/Build/iOS/FileKit.framework",
				"$(SRCROOT)/Carthage/Build/iOS/FloObjC.framework",
				"$(SRCROOT)/Carthage/Build/iOS/CocoaLumberjack.framework",
				"$(SRCROOT)/Carthage/Build/iOS/LGSideMenuController.framework",
				"$(SRCROOT)/Carthage/Build/iOS/KeychainAccess.framework",
				"$(SRCROOT)/Carthage/Build/iOS/SVProgressHUD.framework",
			);
			outputPaths = (
			);
			runOnlyForDeploymentPostprocessing = 0;
			shellPath = /bin/sh;
			shellScript = "/usr/local/bin/carthage copy-frameworks";
		};
		27BFA46821CF90F8007C524B /* ShellScript */ = {
			isa = PBXShellScriptBuildPhase;
			buildActionMask = 2147483647;
			files = (
			);
			inputPaths = (
			);
			outputPaths = (
				"$(SRCROOT)/Carthage/Build/Mac/FloRest.framework",
				"$(SRCROOT)/Carthage/Build/Mac/CoreFlo.framework",
				"$(SRCROOT)/Carthage/Build/Mac/FloObjC.framework",
				"$(SRCROOT)/Carthage/Build/Mac/KeychainAccess.framework",
				"$(SRCROOT)/Carthage/Build/Mac/Alamofire.framework",
				"$(SRCROOT)/Carthage/Build/Mac/SwiftyJSON.framework",
				"$(SRCROOT)/Carthage/Build/Mac/CocoaLumberjack.framework",
			);
			runOnlyForDeploymentPostprocessing = 0;
			shellPath = /bin/sh;
			shellScript = "/usr/local/bin/carthage copy-frameworks";
		};
		27C16DF421C0C79500E9ADA3 /* ShellScript */ = {
			isa = PBXShellScriptBuildPhase;
			buildActionMask = 2147483647;
			files = (
			);
			inputPaths = (
			);
			outputPaths = (
			);
			runOnlyForDeploymentPostprocessing = 0;
			shellPath = /bin/sh;
			shellScript = "RESOURCE_PATH=${SRCROOT}/Shared/configuration/${CONFIGURATION}\nBUILD_APP_DIR=${BUILT_PRODUCTS_DIR}/${PRODUCT_NAME}.app\n\necho \"Copying all files under ${RESOURCE_PATH} to ${BUILD_APP_DIR}\"\ncp -r \"${RESOURCE_PATH}/\"* \"${BUILD_APP_DIR}/\"";
		};
/* End PBXShellScriptBuildPhase section */

/* Begin PBXSourcesBuildPhase section */
		277AB1B021C0B99E0008DABE /* Sources */ = {
			isa = PBXSourcesBuildPhase;
			buildActionMask = 2147483647;
			files = (
				192908B1E6C88579DB2D4EA7 /* AppDelegate.m in Sources */,
				1929017635BADDB3867A9161 /* main.m in Sources */,
				19290C8C974CB63F22ECB67B /* BootstrapViewController.m in Sources */,
				192904D832E27321F5841F23 /* BaseViewController.m in Sources */,
				192908717A208E7A09E856AB /* AuthorizeViewController.m in Sources */,
				192900DC83919B6037E07302 /* Dependences.m in Sources */,
				19290B985A65E3DD8D3EBCA1 /* FloUser.m in Sources */,
				19290293F4078F0F6384C4A8 /* UserServiceImpl.m in Sources */,
				1929076161602B6E5EE4EC90 /* LoginParameter.m in Sources */,
				192905FC91ACEA6F0DAA98DA /* AuthorizationApiImpl.m in Sources */,
				1929033B36342A4C1EE60776 /* BaseViewModel.m in Sources */,
				19290D14E4A3BEBE41108330 /* AuthorizeViewModel.m in Sources */,
				19290F114F957C551D099E5F /* BroadcastServiceImpl.m in Sources */,
				19290948A8BEC10175086B52 /* BootstrapViewModel.m in Sources */,
				192909F5C592B4A28B2DD0CF /* Storyboards.m in Sources */,
				19290755646258267AE3D56A /* MainViewController.m in Sources */,
				19290685C3BBF9A21031D876 /* HomeViewController.m in Sources */,
				192900BF5A31B913C85A1D3D /* NavigationsViewController.m in Sources */,
				192903A548AAE5F4686C80CE /* NavigationsViewModel.m in Sources */,
				19290594FFD14CF5E4CD6628 /* CollectionsViewController.m in Sources */,
				1929033EB6602BDB54A125FC /* CollectionsViewModel.m in Sources */,
				192902EB674333D27A4F555E /* CollectionServiceImpl.m in Sources */,
				1929013B7441B938EE4F243D /* GetCollectionParameter.m in Sources */,
				192908606C140C4DD6591D77 /* FloCollection.m in Sources */,
				19290B9E89EE54C81F41C927 /* CollectionApiImpl.m in Sources */,
				192905A8CF39431D1F5AB910 /* KanbanViewController.m in Sources */,
				1929013D4C82EF18E63718ED /* CollectionViewController.m in Sources */,
				19290F15C7970D5BE7FA0F39 /* CollectionViewDataSource.m in Sources */,
				1929095E0CE437702A66FD03 /* CollectionItemViewModel.m in Sources */,
				19290EE33CB939721C220D72 /* CollectionViewModel.m in Sources */,
				1929005CCD47AA5322468A11 /* KanbanServiceImpl.m in Sources */,
				192908EB61CCBDA7DC1E6B83 /* KanbanApiImpl.m in Sources */,
				1929002EFF70FF92B7660163 /* GetKanbanParameter.m in Sources */,
				1929045E66345B0BBB1536FD /* FloKanban.m in Sources */,
				19290C35004BD303BE4D47DE /* CollectionsViewDataSource.m in Sources */,
				1929078D6CCDBDBD78A95543 /* BaseTableViewDataSource.m in Sources */,
				19290F631C25E87D7A7326AE /* CollectionsItemViewCell.m in Sources */,
				192907B62F6C4714339B38A6 /* BaseTableViewCell.m in Sources */,
				1929062F360E01D5B5B67888 /* ProjectItemViewModel.m in Sources */,
				1929069E4E23EEA10CC02E38 /* NavigatorImpl.m in Sources */,
				192908CD5ED132C70D13FA2A /* KanbanViewCell.m in Sources */,
				19290D5AF6806E23D2D9B804 /* KanbanItemViewModel.m in Sources */,
				192902BCE6D2215152C09305 /* BookmarksViewController.m in Sources */,
				19290680F56C357FCBA95086 /* BookmarksViewModel.m in Sources */,
				19290C33A92A949D21FB9543 /* BookmarksViewCell.m in Sources */,
				1929026AB4A1B22BB629B65D /* BookmarkServiceImpl.m in Sources */,
				192907FD698F636AF8D3313B /* BookmarkApiImpl.m in Sources */,
				192907594BEB8DA7C26E15DF /* FloBookmark.m in Sources */,
				19290B5E905E3D42B8A011AF /* GetBookmarksParameter.m in Sources */,
			);
			runOnlyForDeploymentPostprocessing = 0;
		};
		27BFA45021CF9088007C524B /* Sources */ = {
			isa = PBXSourcesBuildPhase;
			buildActionMask = 2147483647;
			files = (
				27BFA47E21CF9361007C524B /* Check.swift in Sources */,
				27BFA45B21CF9088007C524B /* ViewController.m in Sources */,
				192906F40B8A4A2DDC101BBE /* main.m in Sources */,
				1929034058AFE34760C430FD /* AppDelegate.m in Sources */,
			);
			runOnlyForDeploymentPostprocessing = 0;
		};
		27D4F6CD21CE3F1D00F03BCD /* Sources */ = {
			isa = PBXSourcesBuildPhase;
			buildActionMask = 2147483647;
			files = (
				27D4F6D421CE3F1D00F03BCD /* TestServices.m in Sources */,
			);
			runOnlyForDeploymentPostprocessing = 0;
		};
/* End PBXSourcesBuildPhase section */

/* Begin PBXTargetDependency section */
		27D4F6D721CE3F1D00F03BCD /* PBXTargetDependency */ = {
			isa = PBXTargetDependency;
			target = 277AB1B321C0B99E0008DABE /* DCFiOS */;
			targetProxy = 27D4F6D621CE3F1D00F03BCD /* PBXContainerItemProxy */;
		};
/* End PBXTargetDependency section */

/* Begin XCBuildConfiguration section */
		277AB1C821C0B99F0008DABE /* Debug */ = {
			isa = XCBuildConfiguration;
			buildSettings = {
				ALWAYS_SEARCH_USER_PATHS = NO;
				CLANG_ANALYZER_NONNULL = YES;
				CLANG_ANALYZER_NUMBER_OBJECT_CONVERSION = YES_AGGRESSIVE;
				CLANG_CXX_LANGUAGE_STANDARD = "gnu++14";
				CLANG_CXX_LIBRARY = "libc++";
				CLANG_ENABLE_MODULES = YES;
				CLANG_ENABLE_OBJC_ARC = YES;
				CLANG_ENABLE_OBJC_WEAK = YES;
				CLANG_WARN_BLOCK_CAPTURE_AUTORELEASING = YES;
				CLANG_WARN_BOOL_CONVERSION = YES;
				CLANG_WARN_COMMA = YES;
				CLANG_WARN_CONSTANT_CONVERSION = YES;
				CLANG_WARN_DEPRECATED_OBJC_IMPLEMENTATIONS = YES;
				CLANG_WARN_DIRECT_OBJC_ISA_USAGE = YES_ERROR;
				CLANG_WARN_DOCUMENTATION_COMMENTS = YES;
				CLANG_WARN_EMPTY_BODY = YES;
				CLANG_WARN_ENUM_CONVERSION = YES;
				CLANG_WARN_INFINITE_RECURSION = YES;
				CLANG_WARN_INT_CONVERSION = YES;
				CLANG_WARN_NON_LITERAL_NULL_CONVERSION = YES;
				CLANG_WARN_OBJC_IMPLICIT_RETAIN_SELF = YES;
				CLANG_WARN_OBJC_LITERAL_CONVERSION = YES;
				CLANG_WARN_OBJC_ROOT_CLASS = YES_ERROR;
				CLANG_WARN_RANGE_LOOP_ANALYSIS = YES;
				CLANG_WARN_STRICT_PROTOTYPES = YES;
				CLANG_WARN_SUSPICIOUS_MOVE = YES;
				CLANG_WARN_UNGUARDED_AVAILABILITY = YES_AGGRESSIVE;
				CLANG_WARN_UNREACHABLE_CODE = YES;
				CLANG_WARN__DUPLICATE_METHOD_MATCH = YES;
				CODE_SIGN_IDENTITY = "iPhone Developer";
				COPY_PHASE_STRIP = NO;
				DEBUG_INFORMATION_FORMAT = dwarf;
				ENABLE_STRICT_OBJC_MSGSEND = YES;
				ENABLE_TESTABILITY = YES;
				GCC_C_LANGUAGE_STANDARD = gnu11;
				GCC_DYNAMIC_NO_PIC = NO;
				GCC_NO_COMMON_BLOCKS = YES;
				GCC_OPTIMIZATION_LEVEL = 0;
				GCC_PREPROCESSOR_DEFINITIONS = (
					"DEBUG=1",
					"$(inherited)",
				);
				GCC_WARN_64_TO_32_BIT_CONVERSION = YES;
				GCC_WARN_ABOUT_RETURN_TYPE = YES_ERROR;
				GCC_WARN_UNDECLARED_SELECTOR = YES;
				GCC_WARN_UNINITIALIZED_AUTOS = YES_AGGRESSIVE;
				GCC_WARN_UNUSED_FUNCTION = YES;
				GCC_WARN_UNUSED_VARIABLE = YES;
				IPHONEOS_DEPLOYMENT_TARGET = 11.4;
				MACOSX_DEPLOYMENT_TARGET = 10.11;
				MTL_ENABLE_DEBUG_INFO = YES;
				ONLY_ACTIVE_ARCH = YES;
				SDKROOT = iphoneos;
			};
			name = Debug;
		};
		277AB1C921C0B99F0008DABE /* Release */ = {
			isa = XCBuildConfiguration;
			buildSettings = {
				ALWAYS_SEARCH_USER_PATHS = NO;
				CLANG_ANALYZER_NONNULL = YES;
				CLANG_ANALYZER_NUMBER_OBJECT_CONVERSION = YES_AGGRESSIVE;
				CLANG_CXX_LANGUAGE_STANDARD = "gnu++14";
				CLANG_CXX_LIBRARY = "libc++";
				CLANG_ENABLE_MODULES = YES;
				CLANG_ENABLE_OBJC_ARC = YES;
				CLANG_ENABLE_OBJC_WEAK = YES;
				CLANG_WARN_BLOCK_CAPTURE_AUTORELEASING = YES;
				CLANG_WARN_BOOL_CONVERSION = YES;
				CLANG_WARN_COMMA = YES;
				CLANG_WARN_CONSTANT_CONVERSION = YES;
				CLANG_WARN_DEPRECATED_OBJC_IMPLEMENTATIONS = YES;
				CLANG_WARN_DIRECT_OBJC_ISA_USAGE = YES_ERROR;
				CLANG_WARN_DOCUMENTATION_COMMENTS = YES;
				CLANG_WARN_EMPTY_BODY = YES;
				CLANG_WARN_ENUM_CONVERSION = YES;
				CLANG_WARN_INFINITE_RECURSION = YES;
				CLANG_WARN_INT_CONVERSION = YES;
				CLANG_WARN_NON_LITERAL_NULL_CONVERSION = YES;
				CLANG_WARN_OBJC_IMPLICIT_RETAIN_SELF = YES;
				CLANG_WARN_OBJC_LITERAL_CONVERSION = YES;
				CLANG_WARN_OBJC_ROOT_CLASS = YES_ERROR;
				CLANG_WARN_RANGE_LOOP_ANALYSIS = YES;
				CLANG_WARN_STRICT_PROTOTYPES = YES;
				CLANG_WARN_SUSPICIOUS_MOVE = YES;
				CLANG_WARN_UNGUARDED_AVAILABILITY = YES_AGGRESSIVE;
				CLANG_WARN_UNREACHABLE_CODE = YES;
				CLANG_WARN__DUPLICATE_METHOD_MATCH = YES;
				CODE_SIGN_IDENTITY = "iPhone Developer";
				COPY_PHASE_STRIP = NO;
				DEBUG_INFORMATION_FORMAT = "dwarf-with-dsym";
				ENABLE_NS_ASSERTIONS = NO;
				ENABLE_STRICT_OBJC_MSGSEND = YES;
				GCC_C_LANGUAGE_STANDARD = gnu11;
				GCC_NO_COMMON_BLOCKS = YES;
				GCC_WARN_64_TO_32_BIT_CONVERSION = YES;
				GCC_WARN_ABOUT_RETURN_TYPE = YES_ERROR;
				GCC_WARN_UNDECLARED_SELECTOR = YES;
				GCC_WARN_UNINITIALIZED_AUTOS = YES_AGGRESSIVE;
				GCC_WARN_UNUSED_FUNCTION = YES;
				GCC_WARN_UNUSED_VARIABLE = YES;
				IPHONEOS_DEPLOYMENT_TARGET = 11.4;
				MACOSX_DEPLOYMENT_TARGET = 10.11;
				MTL_ENABLE_DEBUG_INFO = NO;
				SDKROOT = iphoneos;
				VALIDATE_PRODUCT = YES;
			};
			name = Release;
		};
		277AB1CB21C0B99F0008DABE /* Debug */ = {
			isa = XCBuildConfiguration;
			baseConfigurationReference = 192903B824708917C7CE0C8C /* Debug.xcconfig */;
			buildSettings = {
				ALWAYS_EMBED_SWIFT_STANDARD_LIBRARIES = YES;
				ASSETCATALOG_COMPILER_APPICON_NAME = AppIcon;
				CLANG_ENABLE_MODULES = YES;
				CODE_SIGN_STYLE = Manual;
				DEVELOPMENT_TEAM = TL9V27BMW8;
				FRAMEWORK_SEARCH_PATHS = (
					"$(inherited)",
					"$(PROJECT_DIR)/Carthage/Build/iOS",
				);
				INFOPLIST_FILE = DCFiOS/application/Info.plist;
				LD_RUNPATH_SEARCH_PATHS = (
					"$(inherited)",
					"@executable_path/Frameworks",
				);
				PROVISIONING_PROFILE = "88dfa750-cda0-4d47-97e9-20153a325695";
				PROVISIONING_PROFILE_SPECIFIER = "Flo Universal Debug";
				SWIFT_OBJC_BRIDGING_HEADER = "Shared/DCF-Bridging-Header.h";
				SWIFT_OPTIMIZATION_LEVEL = "-Onone";
				SWIFT_VERSION = 3.0;
				TARGETED_DEVICE_FAMILY = "1,2";
			};
			name = Debug;
		};
		277AB1CC21C0B99F0008DABE /* Release */ = {
			isa = XCBuildConfiguration;
			baseConfigurationReference = 192905A22C2075AF994A11B4 /* Release.xcconfig */;
			buildSettings = {
				ALWAYS_EMBED_SWIFT_STANDARD_LIBRARIES = YES;
				ASSETCATALOG_COMPILER_APPICON_NAME = AppIcon;
				CLANG_ENABLE_MODULES = YES;
				CODE_SIGN_IDENTITY = "iPhone Distribution";
				CODE_SIGN_STYLE = Manual;
				DEVELOPMENT_TEAM = TL9V27BMW8;
				FRAMEWORK_SEARCH_PATHS = (
					"$(inherited)",
					"$(PROJECT_DIR)/Carthage/Build/iOS",
				);
				INFOPLIST_FILE = DCFiOS/application/Info.plist;
				LD_RUNPATH_SEARCH_PATHS = (
					"$(inherited)",
					"@executable_path/Frameworks",
				);
				PROVISIONING_PROFILE = "8c73909e-9aec-40c3-9026-59276d794456";
				PROVISIONING_PROFILE_SPECIFIER = "Flo Universal QC";
				SWIFT_OBJC_BRIDGING_HEADER = "Shared/DCF-Bridging-Header.h";
				SWIFT_VERSION = 3.0;
				TARGETED_DEVICE_FAMILY = "1,2";
			};
			name = Release;
		};
		27BFA46521CF908A007C524B /* Debug */ = {
			isa = XCBuildConfiguration;
			baseConfigurationReference = 192903B824708917C7CE0C8C /* Debug.xcconfig */;
			buildSettings = {
				ASSETCATALOG_COMPILER_APPICON_NAME = AppIcon;
				CLANG_ENABLE_MODULES = YES;
				CODE_SIGN_ENTITLEMENTS = Shared/DCFOSX.entitlements;
				CODE_SIGN_IDENTITY = "-";
				CODE_SIGN_STYLE = Manual;
				COMBINE_HIDPI_IMAGES = YES;
				DEVELOPMENT_TEAM = "";
				FRAMEWORK_SEARCH_PATHS = (
					"$(inherited)",
					"$(PROJECT_DIR)/Carthage/Build/Mac",
				);
				INFOPLIST_FILE = DCFOSX/application/Info.plist;
				LD_RUNPATH_SEARCH_PATHS = (
					"$(inherited)",
					"@executable_path/../Frameworks",
				);
				MACOSX_DEPLOYMENT_TARGET = 10.11;
				PRODUCT_NAME = "$(TARGET_NAME)";
				PROVISIONING_PROFILE_SPECIFIER = "";
				SDKROOT = macosx;
				SWIFT_OBJC_BRIDGING_HEADER = "Shared/DCF-Bridging-Header.h";
				SWIFT_OPTIMIZATION_LEVEL = "-Onone";
				SWIFT_VERSION = 3.0;
			};
			name = Debug;
		};
		27BFA46621CF908A007C524B /* Release */ = {
			isa = XCBuildConfiguration;
			baseConfigurationReference = 192905A22C2075AF994A11B4 /* Release.xcconfig */;
			buildSettings = {
				ALWAYS_EMBED_SWIFT_STANDARD_LIBRARIES = YES;
				ASSETCATALOG_COMPILER_APPICON_NAME = AppIcon;
				CLANG_ENABLE_MODULES = YES;
				CODE_SIGN_ENTITLEMENTS = Shared/DCFOSX.entitlements;
				CODE_SIGN_IDENTITY = "-";
				CODE_SIGN_STYLE = Manual;
				COMBINE_HIDPI_IMAGES = YES;
				DEVELOPMENT_TEAM = "";
				FRAMEWORK_SEARCH_PATHS = (
					"$(inherited)",
					"$(PROJECT_DIR)/Carthage/Build/Mac",
				);
				INFOPLIST_FILE = DCFOSX/application/Info.plist;
				LD_RUNPATH_SEARCH_PATHS = (
					"$(inherited)",
					"@executable_path/../Frameworks",
				);
				MACOSX_DEPLOYMENT_TARGET = 10.11;
				PRODUCT_NAME = "$(TARGET_NAME)";
				PROVISIONING_PROFILE_SPECIFIER = "";
				SDKROOT = macosx;
				SWIFT_OBJC_BRIDGING_HEADER = "Shared/DCF-Bridging-Header.h";
				SWIFT_VERSION = 3.0;
			};
			name = Release;
		};
		27D4F6D821CE3F1D00F03BCD /* Debug */ = {
			isa = XCBuildConfiguration;
			buildSettings = {
				BUNDLE_LOADER = "$(TEST_HOST)";
				CODE_SIGN_STYLE = Automatic;
				INFOPLIST_FILE = TestServices/Info.plist;
				LD_RUNPATH_SEARCH_PATHS = (
					"$(inherited)",
					"@executable_path/Frameworks",
					"@loader_path/Frameworks",
				);
				PRODUCT_BUNDLE_IDENTIFIER = com.floware.universalflo.TestServices;
				PRODUCT_NAME = "$(TARGET_NAME)";
				TARGETED_DEVICE_FAMILY = "1,2";
				TEST_HOST = "$(BUILT_PRODUCTS_DIR)/DCFiOS.app/DCFiOS";
			};
			name = Debug;
		};
		27D4F6D921CE3F1D00F03BCD /* Release */ = {
			isa = XCBuildConfiguration;
			buildSettings = {
				BUNDLE_LOADER = "$(TEST_HOST)";
				CODE_SIGN_STYLE = Automatic;
				INFOPLIST_FILE = TestServices/Info.plist;
				LD_RUNPATH_SEARCH_PATHS = (
					"$(inherited)",
					"@executable_path/Frameworks",
					"@loader_path/Frameworks",
				);
				PRODUCT_BUNDLE_IDENTIFIER = com.floware.universalflo.TestServices;
				PRODUCT_NAME = "$(TARGET_NAME)";
				TARGETED_DEVICE_FAMILY = "1,2";
				TEST_HOST = "$(BUILT_PRODUCTS_DIR)/DCFiOS.app/DCFiOS";
			};
			name = Release;
		};
/* End XCBuildConfiguration section */

/* Begin XCConfigurationList section */
		277AB1AF21C0B99E0008DABE /* Build configuration list for PBXProject "DCFiOS" */ = {
			isa = XCConfigurationList;
			buildConfigurations = (
				277AB1C821C0B99F0008DABE /* Debug */,
				277AB1C921C0B99F0008DABE /* Release */,
			);
			defaultConfigurationIsVisible = 0;
			defaultConfigurationName = Release;
		};
		277AB1CA21C0B99F0008DABE /* Build configuration list for PBXNativeTarget "DCFiOS" */ = {
			isa = XCConfigurationList;
			buildConfigurations = (
				277AB1CB21C0B99F0008DABE /* Debug */,
				277AB1CC21C0B99F0008DABE /* Release */,
			);
			defaultConfigurationIsVisible = 0;
			defaultConfigurationName = Release;
		};
		27BFA46721CF908A007C524B /* Build configuration list for PBXNativeTarget "DCFOSX" */ = {
			isa = XCConfigurationList;
			buildConfigurations = (
				27BFA46521CF908A007C524B /* Debug */,
				27BFA46621CF908A007C524B /* Release */,
			);
			defaultConfigurationIsVisible = 0;
			defaultConfigurationName = Release;
		};
		27D4F6DA21CE3F1D00F03BCD /* Build configuration list for PBXNativeTarget "TestServices" */ = {
			isa = XCConfigurationList;
			buildConfigurations = (
				27D4F6D821CE3F1D00F03BCD /* Debug */,
				27D4F6D921CE3F1D00F03BCD /* Release */,
			);
			defaultConfigurationIsVisible = 0;
			defaultConfigurationName = Release;
		};
/* End XCConfigurationList section */
	};
	rootObject = 277AB1AC21C0B99E0008DABE /* Project object */;
}
